// !$*UTF8*$!
{
	archiveVersion = 1;
	classes = {
	};
	objectVersion = 46;
	objects = {

/* Begin PBXBuildFile section */
		4C092A60170F1AFA00650986 /* ABTouchView.m in Sources */ = {isa = PBXBuildFile; fileRef = 4C092A5F170F1AFA00650986 /* ABTouchView.m */; };
		4C11AEA216F0D5A500A9210A /* menu.plist in Resources */ = {isa = PBXBuildFile; fileRef = 4C11AEA116F0D5A500A9210A /* menu.plist */; };
		4C11AEA416F2144A00A9210A /* menuItem1x90.png in Resources */ = {isa = PBXBuildFile; fileRef = 4C11AEA316F2144A00A9210A /* menuItem1x90.png */; };
		4C11AEA616F214C900A9210A /* menuItem2x90.png in Resources */ = {isa = PBXBuildFile; fileRef = 4C11AEA516F214C900A9210A /* menuItem2x90.png */; };
		4C17FA1816C03C9500FFC112 /* BrailleTyper.m in Sources */ = {isa = PBXBuildFile; fileRef = 4C17FA1716C03C9500FFC112 /* BrailleTyper.m */; };
		4C1B8250171316F60035797D /* ABBrailleReader.m in Sources */ = {isa = PBXBuildFile; fileRef = 4C1B824F171316F60035797D /* ABBrailleReader.m */; };
		4C2B0B1916F37A2D00CC64F2 /* InstructionsMenu.m in Sources */ = {isa = PBXBuildFile; fileRef = 4C2B0B1516F37A2D00CC64F2 /* InstructionsMenu.m */; };
		4C2B0B1A16F37A2D00CC64F2 /* menuItem3.png in Resources */ = {isa = PBXBuildFile; fileRef = 4C2B0B1616F37A2D00CC64F2 /* menuItem3.png */; };
		4C2B0B1C16F37C0100CC64F2 /* menuItem3x90.png in Resources */ = {isa = PBXBuildFile; fileRef = 4C2B0B1B16F37C0100CC64F2 /* menuItem3x90.png */; };
		4C2F59E616F76CA5008F8185 /* backspace.aiff in Resources */ = {isa = PBXBuildFile; fileRef = 4C2F59E416F76CA5008F8185 /* backspace.aiff */; };
		4C2F59E716F76CA5008F8185 /* navClick.aiff in Resources */ = {isa = PBXBuildFile; fileRef = 4C2F59E516F76CA5008F8185 /* navClick.aiff */; };
		4C2F59E916F76EBC008F8185 /* menuDiscriptions.plist in Resources */ = {isa = PBXBuildFile; fileRef = 4C2F59E816F76EBC008F8185 /* menuDiscriptions.plist */; };
		4C3C91A216CE8F0A00954A54 /* menuItem.png in Resources */ = {isa = PBXBuildFile; fileRef = 4C3C91A116CE8F0A00954A54 /* menuItem.png */; };
		4C3C91AC16CE91CF00954A54 /* Default-Landscape@2x~ipad.png in Resources */ = {isa = PBXBuildFile; fileRef = 4C3C91AB16CE91CF00954A54 /* Default-Landscape@2x~ipad.png */; };
		4C3C91AE16CE91DC00954A54 /* Default-Landscape~ipad.png in Resources */ = {isa = PBXBuildFile; fileRef = 4C3C91AD16CE91DC00954A54 /* Default-Landscape~ipad.png */; };
		4C3C91B016CE962500954A54 /* mainMenu@2x.png in Resources */ = {isa = PBXBuildFile; fileRef = 4C3C91AF16CE962500954A54 /* mainMenu@2x.png */; };
		4C3C91B316CE9D7D00954A54 /* MainMenuNavigation.m in Sources */ = {isa = PBXBuildFile; fileRef = 4C3C91B216CE9D7D00954A54 /* MainMenuNavigation.m */; };
		4C47815F17219E9400C4F7C1 /* ABSpeak.m in Sources */ = {isa = PBXBuildFile; fileRef = 4C47815E17219E9400C4F7C1 /* ABSpeak.m */; };
		4C47819117219FC100C4F7C1 /* cmu07a.dic in Resources */ = {isa = PBXBuildFile; fileRef = 4C47818117219FC100C4F7C1 /* cmu07a.dic */; };
		4C47819217219FC100C4F7C1 /* feat.params in Resources */ = {isa = PBXBuildFile; fileRef = 4C47818317219FC100C4F7C1 /* feat.params */; };
		4C47819317219FC100C4F7C1 /* mdef in Resources */ = {isa = PBXBuildFile; fileRef = 4C47818417219FC100C4F7C1 /* mdef */; };
		4C47819417219FC100C4F7C1 /* means in Resources */ = {isa = PBXBuildFile; fileRef = 4C47818517219FC100C4F7C1 /* means */; };
		4C47819517219FC100C4F7C1 /* noisedict in Resources */ = {isa = PBXBuildFile; fileRef = 4C47818617219FC100C4F7C1 /* noisedict */; };
		4C47819617219FC100C4F7C1 /* sendump in Resources */ = {isa = PBXBuildFile; fileRef = 4C47818717219FC100C4F7C1 /* sendump */; };
		4C47819717219FC100C4F7C1 /* transition_matrices in Resources */ = {isa = PBXBuildFile; fileRef = 4C47818817219FC100C4F7C1 /* transition_matrices */; };
		4C47819817219FC100C4F7C1 /* variances in Resources */ = {isa = PBXBuildFile; fileRef = 4C47818917219FC100C4F7C1 /* variances */; };
		4C47819917219FC100C4F7C1 /* OpenEars.framework in Frameworks */ = {isa = PBXBuildFile; fileRef = 4C47818A17219FC100C4F7C1 /* OpenEars.framework */; };
		4C47819A17219FC100C4F7C1 /* OpenEars1.dic in Resources */ = {isa = PBXBuildFile; fileRef = 4C47818B17219FC100C4F7C1 /* OpenEars1.dic */; };
		4C47819B17219FC100C4F7C1 /* OpenEars1.gram in Resources */ = {isa = PBXBuildFile; fileRef = 4C47818C17219FC100C4F7C1 /* OpenEars1.gram */; };
		4C47819C17219FC100C4F7C1 /* OpenEars1.languagemodel in Resources */ = {isa = PBXBuildFile; fileRef = 4C47818D17219FC100C4F7C1 /* OpenEars1.languagemodel */; };
		4C47819D17219FC100C4F7C1 /* OpenEars2.gram in Resources */ = {isa = PBXBuildFile; fileRef = 4C47818E17219FC100C4F7C1 /* OpenEars2.gram */; };
		4C47819E17219FC100C4F7C1 /* OpenEarsCorpus.txt in Resources */ = {isa = PBXBuildFile; fileRef = 4C47818F17219FC100C4F7C1 /* OpenEarsCorpus.txt */; };
		4C47819F17219FC100C4F7C1 /* Slt.framework in Frameworks */ = {isa = PBXBuildFile; fileRef = 4C47819017219FC100C4F7C1 /* Slt.framework */; };
		4C4781A11725860400C4F7C1 /* NeatSpeechDemo.framework in Frameworks */ = {isa = PBXBuildFile; fileRef = 4C4781A01725860400C4F7C1 /* NeatSpeechDemo.framework */; };
		4C4781D51725861A00C4F7C1 /* Beatrice.framework in Frameworks */ = {isa = PBXBuildFile; fileRef = 4C4781A41725861A00C4F7C1 /* Beatrice.framework */; };
		4C4781D61725861A00C4F7C1 /* Elliott.framework in Frameworks */ = {isa = PBXBuildFile; fileRef = 4C4781A51725861A00C4F7C1 /* Elliott.framework */; };
		4C4781D71725861A00C4F7C1 /* Emma.framework in Frameworks */ = {isa = PBXBuildFile; fileRef = 4C4781A61725861A00C4F7C1 /* Emma.framework */; };
		4C4781D81725861A00C4F7C1 /* William.framework in Frameworks */ = {isa = PBXBuildFile; fileRef = 4C4781A71725861A00C4F7C1 /* William.framework */; };
		4C4781D91725861A00C4F7C1 /* neatspeech_uk1_COPYRIGHT in Resources */ = {isa = PBXBuildFile; fileRef = 4C4781AA1725861A00C4F7C1 /* neatspeech_uk1_COPYRIGHT */; };
		4C4781DA1725861A00C4F7C1 /* neatspeech_uk1_dur.pdf in Resources */ = {isa = PBXBuildFile; fileRef = 4C4781AB1725861A00C4F7C1 /* neatspeech_uk1_dur.pdf */; };
		4C4781DB1725861A00C4F7C1 /* neatspeech_uk1_gv-lf0.pdf in Resources */ = {isa = PBXBuildFile; fileRef = 4C4781AC1725861A00C4F7C1 /* neatspeech_uk1_gv-lf0.pdf */; };
		4C4781DC1725861A00C4F7C1 /* neatspeech_uk1_gv-mgc.pdf in Resources */ = {isa = PBXBuildFile; fileRef = 4C4781AD1725861A00C4F7C1 /* neatspeech_uk1_gv-mgc.pdf */; };
		4C4781DD1725861A00C4F7C1 /* neatspeech_uk1_gv-switch.inf in Resources */ = {isa = PBXBuildFile; fileRef = 4C4781AE1725861A00C4F7C1 /* neatspeech_uk1_gv-switch.inf */; };
		4C4781DE1725861A00C4F7C1 /* neatspeech_uk1_lf0.pdf in Resources */ = {isa = PBXBuildFile; fileRef = 4C4781AF1725861A00C4F7C1 /* neatspeech_uk1_lf0.pdf */; };
		4C4781DF1725861A00C4F7C1 /* neatspeech_uk1_lf0.win1 in Resources */ = {isa = PBXBuildFile; fileRef = 4C4781B01725861A00C4F7C1 /* neatspeech_uk1_lf0.win1 */; };
		4C4781E01725861A00C4F7C1 /* neatspeech_uk1_lf0.win2 in Resources */ = {isa = PBXBuildFile; fileRef = 4C4781B11725861A00C4F7C1 /* neatspeech_uk1_lf0.win2 */; };
		4C4781E11725861A00C4F7C1 /* neatspeech_uk1_lf0.win3 in Resources */ = {isa = PBXBuildFile; fileRef = 4C4781B21725861A00C4F7C1 /* neatspeech_uk1_lf0.win3 */; };
		4C4781E21725861A00C4F7C1 /* neatspeech_uk1_mgc.pdf in Resources */ = {isa = PBXBuildFile; fileRef = 4C4781B31725861A00C4F7C1 /* neatspeech_uk1_mgc.pdf */; };
		4C4781E31725861A00C4F7C1 /* neatspeech_uk1_mgc.win1 in Resources */ = {isa = PBXBuildFile; fileRef = 4C4781B41725861A00C4F7C1 /* neatspeech_uk1_mgc.win1 */; };
		4C4781E41725861A00C4F7C1 /* neatspeech_uk1_mgc.win2 in Resources */ = {isa = PBXBuildFile; fileRef = 4C4781B51725861A00C4F7C1 /* neatspeech_uk1_mgc.win2 */; };
		4C4781E51725861A00C4F7C1 /* neatspeech_uk1_mgc.win3 in Resources */ = {isa = PBXBuildFile; fileRef = 4C4781B61725861A00C4F7C1 /* neatspeech_uk1_mgc.win3 */; };
		4C4781E61725861A00C4F7C1 /* neatspeech_uk1_README in Resources */ = {isa = PBXBuildFile; fileRef = 4C4781B71725861A00C4F7C1 /* neatspeech_uk1_README */; };
		4C4781E71725861A00C4F7C1 /* neatspeech_uk1_tree-dur.inf in Resources */ = {isa = PBXBuildFile; fileRef = 4C4781B81725861A00C4F7C1 /* neatspeech_uk1_tree-dur.inf */; };
		4C4781E81725861A00C4F7C1 /* neatspeech_uk1_tree-gv-lf0.inf in Resources */ = {isa = PBXBuildFile; fileRef = 4C4781B91725861A00C4F7C1 /* neatspeech_uk1_tree-gv-lf0.inf */; };
		4C4781E91725861A00C4F7C1 /* neatspeech_uk1_tree-gv-mgc.inf in Resources */ = {isa = PBXBuildFile; fileRef = 4C4781BA1725861A00C4F7C1 /* neatspeech_uk1_tree-gv-mgc.inf */; };
		4C4781EA1725861A00C4F7C1 /* neatspeech_uk1_tree-lf0.inf in Resources */ = {isa = PBXBuildFile; fileRef = 4C4781BB1725861A00C4F7C1 /* neatspeech_uk1_tree-lf0.inf */; };
		4C4781EB1725861A00C4F7C1 /* neatspeech_uk1_tree-mgc.inf in Resources */ = {isa = PBXBuildFile; fileRef = 4C4781BC1725861A00C4F7C1 /* neatspeech_uk1_tree-mgc.inf */; };
		4C4781EC1725861A00C4F7C1 /* neatspeech_us1_COPYING in Resources */ = {isa = PBXBuildFile; fileRef = 4C4781BE1725861A00C4F7C1 /* neatspeech_us1_COPYING */; };
		4C4781ED1725861A00C4F7C1 /* neatspeech_us1_dur.pdf in Resources */ = {isa = PBXBuildFile; fileRef = 4C4781BF1725861A00C4F7C1 /* neatspeech_us1_dur.pdf */; };
		4C4781EE1725861A00C4F7C1 /* neatspeech_us1_gv-lf0.pdf in Resources */ = {isa = PBXBuildFile; fileRef = 4C4781C01725861A00C4F7C1 /* neatspeech_us1_gv-lf0.pdf */; };
		4C4781EF1725861A00C4F7C1 /* neatspeech_us1_gv-mgc.pdf in Resources */ = {isa = PBXBuildFile; fileRef = 4C4781C11725861A00C4F7C1 /* neatspeech_us1_gv-mgc.pdf */; };
		4C4781F01725861A00C4F7C1 /* neatspeech_us1_gv-switch.inf in Resources */ = {isa = PBXBuildFile; fileRef = 4C4781C21725861A00C4F7C1 /* neatspeech_us1_gv-switch.inf */; };
		4C4781F11725861A00C4F7C1 /* neatspeech_us1_INSTALL in Resources */ = {isa = PBXBuildFile; fileRef = 4C4781C31725861A00C4F7C1 /* neatspeech_us1_INSTALL */; };
		4C4781F21725861A00C4F7C1 /* neatspeech_us1_lf0.pdf in Resources */ = {isa = PBXBuildFile; fileRef = 4C4781C41725861A00C4F7C1 /* neatspeech_us1_lf0.pdf */; };
		4C4781F31725861A00C4F7C1 /* neatspeech_us1_lf0.win1 in Resources */ = {isa = PBXBuildFile; fileRef = 4C4781C51725861A00C4F7C1 /* neatspeech_us1_lf0.win1 */; };
		4C4781F41725861A00C4F7C1 /* neatspeech_us1_lf0.win2 in Resources */ = {isa = PBXBuildFile; fileRef = 4C4781C61725861A00C4F7C1 /* neatspeech_us1_lf0.win2 */; };
		4C4781F51725861A00C4F7C1 /* neatspeech_us1_lf0.win3 in Resources */ = {isa = PBXBuildFile; fileRef = 4C4781C71725861A00C4F7C1 /* neatspeech_us1_lf0.win3 */; };
		4C4781F61725861A00C4F7C1 /* neatspeech_us1_lpf.pdf in Resources */ = {isa = PBXBuildFile; fileRef = 4C4781C81725861A00C4F7C1 /* neatspeech_us1_lpf.pdf */; };
		4C4781F71725861A00C4F7C1 /* neatspeech_us1_lpf.win1 in Resources */ = {isa = PBXBuildFile; fileRef = 4C4781C91725861A00C4F7C1 /* neatspeech_us1_lpf.win1 */; };
		4C4781F81725861A00C4F7C1 /* neatspeech_us1_mgc.pdf in Resources */ = {isa = PBXBuildFile; fileRef = 4C4781CA1725861A00C4F7C1 /* neatspeech_us1_mgc.pdf */; };
		4C4781F91725861A00C4F7C1 /* neatspeech_us1_mgc.win1 in Resources */ = {isa = PBXBuildFile; fileRef = 4C4781CB1725861A00C4F7C1 /* neatspeech_us1_mgc.win1 */; };
		4C4781FA1725861A00C4F7C1 /* neatspeech_us1_mgc.win2 in Resources */ = {isa = PBXBuildFile; fileRef = 4C4781CC1725861A00C4F7C1 /* neatspeech_us1_mgc.win2 */; };
		4C4781FB1725861A00C4F7C1 /* neatspeech_us1_mgc.win3 in Resources */ = {isa = PBXBuildFile; fileRef = 4C4781CD1725861A00C4F7C1 /* neatspeech_us1_mgc.win3 */; };
		4C4781FC1725861A00C4F7C1 /* neatspeech_us1_README in Resources */ = {isa = PBXBuildFile; fileRef = 4C4781CE1725861A00C4F7C1 /* neatspeech_us1_README */; };
		4C4781FD1725861A00C4F7C1 /* neatspeech_us1_tree-dur.inf in Resources */ = {isa = PBXBuildFile; fileRef = 4C4781CF1725861A00C4F7C1 /* neatspeech_us1_tree-dur.inf */; };
		4C4781FE1725861A00C4F7C1 /* neatspeech_us1_tree-gv-lf0.inf in Resources */ = {isa = PBXBuildFile; fileRef = 4C4781D01725861A00C4F7C1 /* neatspeech_us1_tree-gv-lf0.inf */; };
		4C4781FF1725861A00C4F7C1 /* neatspeech_us1_tree-gv-mgc.inf in Resources */ = {isa = PBXBuildFile; fileRef = 4C4781D11725861A00C4F7C1 /* neatspeech_us1_tree-gv-mgc.inf */; };
		4C4782001725861A00C4F7C1 /* neatspeech_us1_tree-lf0.inf in Resources */ = {isa = PBXBuildFile; fileRef = 4C4781D21725861A00C4F7C1 /* neatspeech_us1_tree-lf0.inf */; };
		4C4782011725861A00C4F7C1 /* neatspeech_us1_tree-lpf.inf in Resources */ = {isa = PBXBuildFile; fileRef = 4C4781D31725861A00C4F7C1 /* neatspeech_us1_tree-lpf.inf */; };
		4C4782021725861A00C4F7C1 /* neatspeech_us1_tree-mgc.inf in Resources */ = {isa = PBXBuildFile; fileRef = 4C4781D41725861A00C4F7C1 /* neatspeech_us1_tree-mgc.inf */; };
		4C4FEB3116C446A400434F60 /* AudioToolbox.framework in Frameworks */ = {isa = PBXBuildFile; fileRef = A99671BE16810EFA00AAA322 /* AudioToolbox.framework */; };
		4C4FEB3316C446A500434F60 /* AVFoundation.framework in Frameworks */ = {isa = PBXBuildFile; fileRef = 4C4FEB3216C446A500434F60 /* AVFoundation.framework */; };
		4C508A7B16FB60430029FEB3 /* HightBar.png in Resources */ = {isa = PBXBuildFile; fileRef = 4C508A7A16FB60430029FEB3 /* HightBar.png */; };
		4C50A418170DCA8F00D03D44 /* ABTouchLayer.m in Sources */ = {isa = PBXBuildFile; fileRef = 4C50A417170DCA8F00D03D44 /* ABTouchLayer.m */; };
		4C52BCA016C9481800F76B45 /* hop.mp3 in Resources */ = {isa = PBXBuildFile; fileRef = 4C52BC9F16C9481800F76B45 /* hop.mp3 */; };
		4C52BCA216C9499C00F76B45 /* disable.mp3 in Resources */ = {isa = PBXBuildFile; fileRef = 4C52BCA116C9499C00F76B45 /* disable.mp3 */; };
		4C569AA617147A7B0073D8F8 /* FlashCard.m in Sources */ = {isa = PBXBuildFile; fileRef = 4C569AA517147A7B0073D8F8 /* FlashCard.m */; };
		4C569AA917147A9E0073D8F8 /* menuItem4.png in Resources */ = {isa = PBXBuildFile; fileRef = 4C569AA717147A9E0073D8F8 /* menuItem4.png */; };
		4C569AAA17147A9E0073D8F8 /* menuItem4x90.png in Resources */ = {isa = PBXBuildFile; fileRef = 4C569AA817147A9E0073D8F8 /* menuItem4x90.png */; };
		4C65356316C443A900611B6F /* MainMenu.m in Sources */ = {isa = PBXBuildFile; fileRef = 4C65356216C443A900611B6F /* MainMenu.m */; };
		4C751F1816FA052F003967D8 /* MenuTitles.plist in Resources */ = {isa = PBXBuildFile; fileRef = 4C751F1716FA052F003967D8 /* MenuTitles.plist */; };
		4C89EA9A16C0143B00318BE2 /* CoreData.framework in Frameworks */ = {isa = PBXBuildFile; fileRef = 4C89EA9916C0143B00318BE2 /* CoreData.framework */; };
		4C89EA9D16C0158600318BE2 /* ApplicationStore.xcdatamodeld in Sources */ = {isa = PBXBuildFile; fileRef = 4C89EA9B16C0158600318BE2 /* ApplicationStore.xcdatamodeld */; };
		4C8E8F381718529C0014F330 /* ABParser.m in Sources */ = {isa = PBXBuildFile; fileRef = 4C8E8F371718529C0014F330 /* ABParser.m */; };
		4CA076DB16D58590006DDBD3 /* menuItem0.png in Resources */ = {isa = PBXBuildFile; fileRef = 4CA076DA16D58590006DDBD3 /* menuItem0.png */; };
		4CA076DF16D5889C006DDBD3 /* menuItem1.png in Resources */ = {isa = PBXBuildFile; fileRef = 4CA076DE16D5889C006DDBD3 /* menuItem1.png */; };
		4CA076E216D58A3A006DDBD3 /* Settings.m in Sources */ = {isa = PBXBuildFile; fileRef = 4CA076E116D58A3A006DDBD3 /* Settings.m */; };
		4CA076E416D595F3006DDBD3 /* menuItem2.png in Resources */ = {isa = PBXBuildFile; fileRef = 4CA076E316D595F3006DDBD3 /* menuItem2.png */; };
		4CA74DA016F8C99F007036F3 /* MainMenuItemImage.m in Sources */ = {isa = PBXBuildFile; fileRef = 4CA74D9F16F8C99F007036F3 /* MainMenuItemImage.m */; };
		4CB222AE1706063E00BD3608 /* ABTypes.m in Sources */ = {isa = PBXBuildFile; fileRef = 4CB222AD1706063E00BD3608 /* ABTypes.m */; };
		4CEC5E5816CD7F3B00858B66 /* mainMenu.png in Resources */ = {isa = PBXBuildFile; fileRef = 4CEC5E5716CD7F3B00858B66 /* mainMenu.png */; };
		4CEC5E5E16CD8CA500858B66 /* slideOutMenu.png in Resources */ = {isa = PBXBuildFile; fileRef = 4CEC5E5D16CD8CA500858B66 /* slideOutMenu.png */; };
		4CEC5E6416CD91E200858B66 /* icon144.png in Resources */ = {isa = PBXBuildFile; fileRef = 4CEC5E6216CD91E200858B66 /* icon144.png */; };
		4CEC5E6616CD91EC00858B66 /* icon144.png in Resources */ = {isa = PBXBuildFile; fileRef = 4CEC5E6516CD91EC00858B66 /* icon144.png */; };
		4CEE19A616FCA05400E36128 /* ABActivateKeyboardGestureRecognizer.m in Sources */ = {isa = PBXBuildFile; fileRef = 4CEE19A116FCA05400E36128 /* ABActivateKeyboardGestureRecognizer.m */; };
		4CEE19A716FCA05400E36128 /* ABKeyboard.m in Sources */ = {isa = PBXBuildFile; fileRef = 4CEE19A316FCA05400E36128 /* ABKeyboard.m */; };
		4CEFD38916EE1D4700961754 /* menuItem0x90.png in Resources */ = {isa = PBXBuildFile; fileRef = 4CEFD38816EE1D4700961754 /* menuItem0x90.png */; };
		4CEFD38C16EE1F9100961754 /* NSArray+ObjectSubsets.m in Sources */ = {isa = PBXBuildFile; fileRef = 4CEFD38B16EE1F9100961754 /* NSArray+ObjectSubsets.m */; };
		A934326B169F483D00C659C1 /* UIBezelGestureRecognizer.m in Sources */ = {isa = PBXBuildFile; fileRef = A934326A169F483D00C659C1 /* UIBezelGestureRecognizer.m */; };
		A94471E6169CAC1000B66193 /* NavigationView.m in Sources */ = {isa = PBXBuildFile; fileRef = A94471E5169CAC1000B66193 /* NavigationView.m */; };
		A9479C391670034E00CE9475 /* UIKit.framework in Frameworks */ = {isa = PBXBuildFile; fileRef = A9479C381670034E00CE9475 /* UIKit.framework */; };
		A9479C3B1670034E00CE9475 /* Foundation.framework in Frameworks */ = {isa = PBXBuildFile; fileRef = A9479C3A1670034E00CE9475 /* Foundation.framework */; };
		A9479C3D1670034E00CE9475 /* CoreGraphics.framework in Frameworks */ = {isa = PBXBuildFile; fileRef = A9479C3C1670034E00CE9475 /* CoreGraphics.framework */; };
		A9479C451670034E00CE9475 /* main.m in Sources */ = {isa = PBXBuildFile; fileRef = A9479C441670034E00CE9475 /* main.m */; };
		A9479C491670034E00CE9475 /* AppDelegate.m in Sources */ = {isa = PBXBuildFile; fileRef = A9479C481670034E00CE9475 /* AppDelegate.m */; };
		A9479C4B1670034E00CE9475 /* Default.png in Resources */ = {isa = PBXBuildFile; fileRef = A9479C4A1670034E00CE9475 /* Default.png */; };
		A9479C4D1670034E00CE9475 /* Default@2x.png in Resources */ = {isa = PBXBuildFile; fileRef = A9479C4C1670034E00CE9475 /* Default@2x.png */; };
		A9479C4F1670034E00CE9475 /* Default-568h@2x.png in Resources */ = {isa = PBXBuildFile; fileRef = A9479C4E1670034E00CE9475 /* Default-568h@2x.png */; };
		A9479C521670034E00CE9475 /* MainStoryboard.storyboard in Resources */ = {isa = PBXBuildFile; fileRef = A9479C501670034E00CE9475 /* MainStoryboard.storyboard */; };
		A9479C551670034E00CE9475 /* BrailleTyperController.m in Sources */ = {isa = PBXBuildFile; fileRef = A9479C541670034E00CE9475 /* BrailleTyperController.m */; };
		A9479C5D1670034E00CE9475 /* SenTestingKit.framework in Frameworks */ = {isa = PBXBuildFile; fileRef = A9479C5C1670034E00CE9475 /* SenTestingKit.framework */; };
		A9479C5E1670034E00CE9475 /* UIKit.framework in Frameworks */ = {isa = PBXBuildFile; fileRef = A9479C381670034E00CE9475 /* UIKit.framework */; };
		A9479C5F1670034E00CE9475 /* Foundation.framework in Frameworks */ = {isa = PBXBuildFile; fileRef = A9479C3A1670034E00CE9475 /* Foundation.framework */; };
		A9479C671670034F00CE9475 /* InfoPlist.strings in Resources */ = {isa = PBXBuildFile; fileRef = A9479C651670034E00CE9475 /* InfoPlist.strings */; };
		A9479C6A1670034F00CE9475 /* AccessBrailleTests.m in Sources */ = {isa = PBXBuildFile; fileRef = A9479C691670034F00CE9475 /* AccessBrailleTests.m */; };
		A95FFC261679394600BF966C /* grade1lookup.plist in Resources */ = {isa = PBXBuildFile; fileRef = A95FFC251679394600BF966C /* grade1lookup.plist */; };
		A97FF44C16B1CE1300116AEC /* Enabled.m in Sources */ = {isa = PBXBuildFile; fileRef = A97FF44B16B1CE1300116AEC /* Enabled.m */; };
		A9C960D5167F7B4F00084764 /* Drawing.m in Sources */ = {isa = PBXBuildFile; fileRef = A9C960D4167F7B4F00084764 /* Drawing.m */; };
		A9ECC82516A7652500998AD4 /* newViewControllerTemplate.m in Sources */ = {isa = PBXBuildFile; fileRef = A9ECC82416A7652500998AD4 /* newViewControllerTemplate.m */; };
		A9ECC82B16A7780B00998AD4 /* NavigationContainer.m in Sources */ = {isa = PBXBuildFile; fileRef = A9ECC82A16A7780B00998AD4 /* NavigationContainer.m */; };
		A9FE03A316B6CB780065E9EC /* TextOut.m in Sources */ = {isa = PBXBuildFile; fileRef = A9FE03A216B6CB780065E9EC /* TextOut.m */; };
/* End PBXBuildFile section */

/* Begin PBXContainerItemProxy section */
		A9479C601670034E00CE9475 /* PBXContainerItemProxy */ = {
			isa = PBXContainerItemProxy;
			containerPortal = A9479C2D1670034D00CE9475 /* Project object */;
			proxyType = 1;
			remoteGlobalIDString = A9479C341670034E00CE9475;
			remoteInfo = AccessBraille;
		};
/* End PBXContainerItemProxy section */

/* Begin PBXFileReference section */
		4C092A5E170F1AFA00650986 /* ABTouchView.h */ = {isa = PBXFileReference; fileEncoding = 4; lastKnownFileType = sourcecode.c.h; path = ABTouchView.h; sourceTree = "<group>"; };
		4C092A5F170F1AFA00650986 /* ABTouchView.m */ = {isa = PBXFileReference; fileEncoding = 4; lastKnownFileType = sourcecode.c.objc; path = ABTouchView.m; sourceTree = "<group>"; };
		4C11AEA116F0D5A500A9210A /* menu.plist */ = {isa = PBXFileReference; fileEncoding = 4; lastKnownFileType = text.plist.xml; path = menu.plist; sourceTree = "<group>"; };
		4C11AEA316F2144A00A9210A /* menuItem1x90.png */ = {isa = PBXFileReference; lastKnownFileType = image.png; path = menuItem1x90.png; sourceTree = "<group>"; };
		4C11AEA516F214C900A9210A /* menuItem2x90.png */ = {isa = PBXFileReference; lastKnownFileType = image.png; path = menuItem2x90.png; sourceTree = "<group>"; };
		4C17FA1616C03C9500FFC112 /* BrailleTyper.h */ = {isa = PBXFileReference; fileEncoding = 4; lastKnownFileType = sourcecode.c.h; path = BrailleTyper.h; sourceTree = "<group>"; };
		4C17FA1716C03C9500FFC112 /* BrailleTyper.m */ = {isa = PBXFileReference; fileEncoding = 4; lastKnownFileType = sourcecode.c.objc; path = BrailleTyper.m; sourceTree = "<group>"; };
		4C1B824E171316F60035797D /* ABBrailleReader.h */ = {isa = PBXFileReference; fileEncoding = 4; lastKnownFileType = sourcecode.c.h; path = ABBrailleReader.h; sourceTree = "<group>"; };
		4C1B824F171316F60035797D /* ABBrailleReader.m */ = {isa = PBXFileReference; fileEncoding = 4; lastKnownFileType = sourcecode.c.objc; path = ABBrailleReader.m; sourceTree = "<group>"; };
		4C2B0B1416F37A2D00CC64F2 /* InstructionsMenu.h */ = {isa = PBXFileReference; fileEncoding = 4; lastKnownFileType = sourcecode.c.h; path = InstructionsMenu.h; sourceTree = "<group>"; };
		4C2B0B1516F37A2D00CC64F2 /* InstructionsMenu.m */ = {isa = PBXFileReference; fileEncoding = 4; lastKnownFileType = sourcecode.c.objc; path = InstructionsMenu.m; sourceTree = "<group>"; };
		4C2B0B1616F37A2D00CC64F2 /* menuItem3.png */ = {isa = PBXFileReference; lastKnownFileType = image.png; path = menuItem3.png; sourceTree = "<group>"; };
		4C2B0B1B16F37C0100CC64F2 /* menuItem3x90.png */ = {isa = PBXFileReference; lastKnownFileType = image.png; path = menuItem3x90.png; sourceTree = "<group>"; };
		4C2F59E416F76CA5008F8185 /* backspace.aiff */ = {isa = PBXFileReference; lastKnownFileType = audio.aiff; path = backspace.aiff; sourceTree = "<group>"; };
		4C2F59E516F76CA5008F8185 /* navClick.aiff */ = {isa = PBXFileReference; lastKnownFileType = audio.aiff; path = navClick.aiff; sourceTree = "<group>"; };
		4C2F59E816F76EBC008F8185 /* menuDiscriptions.plist */ = {isa = PBXFileReference; fileEncoding = 4; lastKnownFileType = text.plist.xml; path = menuDiscriptions.plist; sourceTree = "<group>"; };
		4C3C91A116CE8F0A00954A54 /* menuItem.png */ = {isa = PBXFileReference; lastKnownFileType = image.png; name = menuItem.png; path = ../menuItem.png; sourceTree = "<group>"; };
		4C3C91AB16CE91CF00954A54 /* Default-Landscape@2x~ipad.png */ = {isa = PBXFileReference; lastKnownFileType = image.png; path = "Default-Landscape@2x~ipad.png"; sourceTree = "<group>"; };
		4C3C91AD16CE91DC00954A54 /* Default-Landscape~ipad.png */ = {isa = PBXFileReference; lastKnownFileType = image.png; path = "Default-Landscape~ipad.png"; sourceTree = "<group>"; };
		4C3C91AF16CE962500954A54 /* mainMenu@2x.png */ = {isa = PBXFileReference; lastKnownFileType = image.png; path = "mainMenu@2x.png"; sourceTree = "<group>"; };
		4C3C91B116CE9D7D00954A54 /* MainMenuNavigation.h */ = {isa = PBXFileReference; fileEncoding = 4; lastKnownFileType = sourcecode.c.h; path = MainMenuNavigation.h; sourceTree = "<group>"; };
		4C3C91B216CE9D7D00954A54 /* MainMenuNavigation.m */ = {isa = PBXFileReference; fileEncoding = 4; lastKnownFileType = sourcecode.c.objc; path = MainMenuNavigation.m; sourceTree = "<group>"; };
		4C433B8F1705DF4B003D2DE7 /* ABTypes.h */ = {isa = PBXFileReference; lastKnownFileType = sourcecode.c.h; path = ABTypes.h; sourceTree = "<group>"; };
		4C47815D17219E9400C4F7C1 /* ABSpeak.h */ = {isa = PBXFileReference; fileEncoding = 4; lastKnownFileType = sourcecode.c.h; path = ABSpeak.h; sourceTree = "<group>"; };
		4C47815E17219E9400C4F7C1 /* ABSpeak.m */ = {isa = PBXFileReference; fileEncoding = 4; lastKnownFileType = sourcecode.c.objc; path = ABSpeak.m; sourceTree = "<group>"; };
		4C47818117219FC100C4F7C1 /* cmu07a.dic */ = {isa = PBXFileReference; fileEncoding = 4; lastKnownFileType = text; path = cmu07a.dic; sourceTree = "<group>"; };
		4C47818317219FC100C4F7C1 /* feat.params */ = {isa = PBXFileReference; fileEncoding = 4; lastKnownFileType = text; path = feat.params; sourceTree = "<group>"; };
		4C47818417219FC100C4F7C1 /* mdef */ = {isa = PBXFileReference; lastKnownFileType = file; path = mdef; sourceTree = "<group>"; };
		4C47818517219FC100C4F7C1 /* means */ = {isa = PBXFileReference; lastKnownFileType = file; path = means; sourceTree = "<group>"; };
		4C47818617219FC100C4F7C1 /* noisedict */ = {isa = PBXFileReference; fileEncoding = 4; lastKnownFileType = text; path = noisedict; sourceTree = "<group>"; };
		4C47818717219FC100C4F7C1 /* sendump */ = {isa = PBXFileReference; lastKnownFileType = file; path = sendump; sourceTree = "<group>"; };
		4C47818817219FC100C4F7C1 /* transition_matrices */ = {isa = PBXFileReference; lastKnownFileType = file; path = transition_matrices; sourceTree = "<group>"; };
		4C47818917219FC100C4F7C1 /* variances */ = {isa = PBXFileReference; lastKnownFileType = file; path = variances; sourceTree = "<group>"; };
		4C47818A17219FC100C4F7C1 /* OpenEars.framework */ = {isa = PBXFileReference; lastKnownFileType = wrapper.framework; path = OpenEars.framework; sourceTree = "<group>"; };
		4C47818B17219FC100C4F7C1 /* OpenEars1.dic */ = {isa = PBXFileReference; fileEncoding = 4; lastKnownFileType = text; path = OpenEars1.dic; sourceTree = "<group>"; };
		4C47818C17219FC100C4F7C1 /* OpenEars1.gram */ = {isa = PBXFileReference; fileEncoding = 4; lastKnownFileType = text; path = OpenEars1.gram; sourceTree = "<group>"; };
		4C47818D17219FC100C4F7C1 /* OpenEars1.languagemodel */ = {isa = PBXFileReference; fileEncoding = 4; lastKnownFileType = text; path = OpenEars1.languagemodel; sourceTree = "<group>"; };
		4C47818E17219FC100C4F7C1 /* OpenEars2.gram */ = {isa = PBXFileReference; fileEncoding = 4; lastKnownFileType = text; path = OpenEars2.gram; sourceTree = "<group>"; };
		4C47818F17219FC100C4F7C1 /* OpenEarsCorpus.txt */ = {isa = PBXFileReference; fileEncoding = 4; lastKnownFileType = text; path = OpenEarsCorpus.txt; sourceTree = "<group>"; };
		4C47819017219FC100C4F7C1 /* Slt.framework */ = {isa = PBXFileReference; lastKnownFileType = wrapper.framework; path = Slt.framework; sourceTree = "<group>"; };
		4C4781A01725860400C4F7C1 /* NeatSpeechDemo.framework */ = {isa = PBXFileReference; lastKnownFileType = wrapper.framework; path = NeatSpeechDemo.framework; sourceTree = "<group>"; };
		4C4781A41725861A00C4F7C1 /* Beatrice.framework */ = {isa = PBXFileReference; lastKnownFileType = wrapper.framework; path = Beatrice.framework; sourceTree = "<group>"; };
		4C4781A51725861A00C4F7C1 /* Elliott.framework */ = {isa = PBXFileReference; lastKnownFileType = wrapper.framework; path = Elliott.framework; sourceTree = "<group>"; };
		4C4781A61725861A00C4F7C1 /* Emma.framework */ = {isa = PBXFileReference; lastKnownFileType = wrapper.framework; path = Emma.framework; sourceTree = "<group>"; };
		4C4781A71725861A00C4F7C1 /* William.framework */ = {isa = PBXFileReference; lastKnownFileType = wrapper.framework; path = William.framework; sourceTree = "<group>"; };
		4C4781AA1725861A00C4F7C1 /* neatspeech_uk1_COPYRIGHT */ = {isa = PBXFileReference; fileEncoding = 4; lastKnownFileType = text; path = neatspeech_uk1_COPYRIGHT; sourceTree = "<group>"; };
		4C4781AB1725861A00C4F7C1 /* neatspeech_uk1_dur.pdf */ = {isa = PBXFileReference; lastKnownFileType = image.pdf; path = neatspeech_uk1_dur.pdf; sourceTree = "<group>"; };
		4C4781AC1725861A00C4F7C1 /* neatspeech_uk1_gv-lf0.pdf */ = {isa = PBXFileReference; lastKnownFileType = image.pdf; path = "neatspeech_uk1_gv-lf0.pdf"; sourceTree = "<group>"; };
		4C4781AD1725861A00C4F7C1 /* neatspeech_uk1_gv-mgc.pdf */ = {isa = PBXFileReference; lastKnownFileType = image.pdf; path = "neatspeech_uk1_gv-mgc.pdf"; sourceTree = "<group>"; };
		4C4781AE1725861A00C4F7C1 /* neatspeech_uk1_gv-switch.inf */ = {isa = PBXFileReference; fileEncoding = 4; lastKnownFileType = text; path = "neatspeech_uk1_gv-switch.inf"; sourceTree = "<group>"; };
		4C4781AF1725861A00C4F7C1 /* neatspeech_uk1_lf0.pdf */ = {isa = PBXFileReference; lastKnownFileType = image.pdf; path = neatspeech_uk1_lf0.pdf; sourceTree = "<group>"; };
		4C4781B01725861A00C4F7C1 /* neatspeech_uk1_lf0.win1 */ = {isa = PBXFileReference; fileEncoding = 4; lastKnownFileType = text; path = neatspeech_uk1_lf0.win1; sourceTree = "<group>"; };
		4C4781B11725861A00C4F7C1 /* neatspeech_uk1_lf0.win2 */ = {isa = PBXFileReference; fileEncoding = 4; lastKnownFileType = text; path = neatspeech_uk1_lf0.win2; sourceTree = "<group>"; };
		4C4781B21725861A00C4F7C1 /* neatspeech_uk1_lf0.win3 */ = {isa = PBXFileReference; fileEncoding = 4; lastKnownFileType = text; path = neatspeech_uk1_lf0.win3; sourceTree = "<group>"; };
		4C4781B31725861A00C4F7C1 /* neatspeech_uk1_mgc.pdf */ = {isa = PBXFileReference; lastKnownFileType = image.pdf; path = neatspeech_uk1_mgc.pdf; sourceTree = "<group>"; };
		4C4781B41725861A00C4F7C1 /* neatspeech_uk1_mgc.win1 */ = {isa = PBXFileReference; fileEncoding = 4; lastKnownFileType = text; path = neatspeech_uk1_mgc.win1; sourceTree = "<group>"; };
		4C4781B51725861A00C4F7C1 /* neatspeech_uk1_mgc.win2 */ = {isa = PBXFileReference; fileEncoding = 4; lastKnownFileType = text; path = neatspeech_uk1_mgc.win2; sourceTree = "<group>"; };
		4C4781B61725861A00C4F7C1 /* neatspeech_uk1_mgc.win3 */ = {isa = PBXFileReference; fileEncoding = 4; lastKnownFileType = text; path = neatspeech_uk1_mgc.win3; sourceTree = "<group>"; };
		4C4781B71725861A00C4F7C1 /* neatspeech_uk1_README */ = {isa = PBXFileReference; fileEncoding = 4; lastKnownFileType = text; path = neatspeech_uk1_README; sourceTree = "<group>"; };
		4C4781B81725861A00C4F7C1 /* neatspeech_uk1_tree-dur.inf */ = {isa = PBXFileReference; fileEncoding = 4; lastKnownFileType = text; path = "neatspeech_uk1_tree-dur.inf"; sourceTree = "<group>"; };
		4C4781B91725861A00C4F7C1 /* neatspeech_uk1_tree-gv-lf0.inf */ = {isa = PBXFileReference; fileEncoding = 4; lastKnownFileType = text; path = "neatspeech_uk1_tree-gv-lf0.inf"; sourceTree = "<group>"; };
		4C4781BA1725861A00C4F7C1 /* neatspeech_uk1_tree-gv-mgc.inf */ = {isa = PBXFileReference; fileEncoding = 4; lastKnownFileType = text; path = "neatspeech_uk1_tree-gv-mgc.inf"; sourceTree = "<group>"; };
		4C4781BB1725861A00C4F7C1 /* neatspeech_uk1_tree-lf0.inf */ = {isa = PBXFileReference; fileEncoding = 4; lastKnownFileType = text; path = "neatspeech_uk1_tree-lf0.inf"; sourceTree = "<group>"; };
		4C4781BC1725861A00C4F7C1 /* neatspeech_uk1_tree-mgc.inf */ = {isa = PBXFileReference; fileEncoding = 4; lastKnownFileType = text; path = "neatspeech_uk1_tree-mgc.inf"; sourceTree = "<group>"; };
		4C4781BE1725861A00C4F7C1 /* neatspeech_us1_COPYING */ = {isa = PBXFileReference; fileEncoding = 4; lastKnownFileType = text; path = neatspeech_us1_COPYING; sourceTree = "<group>"; };
		4C4781BF1725861A00C4F7C1 /* neatspeech_us1_dur.pdf */ = {isa = PBXFileReference; lastKnownFileType = image.pdf; path = neatspeech_us1_dur.pdf; sourceTree = "<group>"; };
		4C4781C01725861A00C4F7C1 /* neatspeech_us1_gv-lf0.pdf */ = {isa = PBXFileReference; lastKnownFileType = image.pdf; path = "neatspeech_us1_gv-lf0.pdf"; sourceTree = "<group>"; };
		4C4781C11725861A00C4F7C1 /* neatspeech_us1_gv-mgc.pdf */ = {isa = PBXFileReference; lastKnownFileType = image.pdf; path = "neatspeech_us1_gv-mgc.pdf"; sourceTree = "<group>"; };
		4C4781C21725861A00C4F7C1 /* neatspeech_us1_gv-switch.inf */ = {isa = PBXFileReference; fileEncoding = 4; lastKnownFileType = text; path = "neatspeech_us1_gv-switch.inf"; sourceTree = "<group>"; };
		4C4781C31725861A00C4F7C1 /* neatspeech_us1_INSTALL */ = {isa = PBXFileReference; fileEncoding = 4; lastKnownFileType = text; path = neatspeech_us1_INSTALL; sourceTree = "<group>"; };
		4C4781C41725861A00C4F7C1 /* neatspeech_us1_lf0.pdf */ = {isa = PBXFileReference; lastKnownFileType = image.pdf; path = neatspeech_us1_lf0.pdf; sourceTree = "<group>"; };
		4C4781C51725861A00C4F7C1 /* neatspeech_us1_lf0.win1 */ = {isa = PBXFileReference; fileEncoding = 4; lastKnownFileType = text; path = neatspeech_us1_lf0.win1; sourceTree = "<group>"; };
		4C4781C61725861A00C4F7C1 /* neatspeech_us1_lf0.win2 */ = {isa = PBXFileReference; fileEncoding = 4; lastKnownFileType = text; path = neatspeech_us1_lf0.win2; sourceTree = "<group>"; };
		4C4781C71725861A00C4F7C1 /* neatspeech_us1_lf0.win3 */ = {isa = PBXFileReference; fileEncoding = 4; lastKnownFileType = text; path = neatspeech_us1_lf0.win3; sourceTree = "<group>"; };
		4C4781C81725861A00C4F7C1 /* neatspeech_us1_lpf.pdf */ = {isa = PBXFileReference; lastKnownFileType = image.pdf; path = neatspeech_us1_lpf.pdf; sourceTree = "<group>"; };
		4C4781C91725861A00C4F7C1 /* neatspeech_us1_lpf.win1 */ = {isa = PBXFileReference; fileEncoding = 4; lastKnownFileType = text; path = neatspeech_us1_lpf.win1; sourceTree = "<group>"; };
		4C4781CA1725861A00C4F7C1 /* neatspeech_us1_mgc.pdf */ = {isa = PBXFileReference; lastKnownFileType = image.pdf; path = neatspeech_us1_mgc.pdf; sourceTree = "<group>"; };
		4C4781CB1725861A00C4F7C1 /* neatspeech_us1_mgc.win1 */ = {isa = PBXFileReference; fileEncoding = 4; lastKnownFileType = text; path = neatspeech_us1_mgc.win1; sourceTree = "<group>"; };
		4C4781CC1725861A00C4F7C1 /* neatspeech_us1_mgc.win2 */ = {isa = PBXFileReference; fileEncoding = 4; lastKnownFileType = text; path = neatspeech_us1_mgc.win2; sourceTree = "<group>"; };
		4C4781CD1725861A00C4F7C1 /* neatspeech_us1_mgc.win3 */ = {isa = PBXFileReference; fileEncoding = 4; lastKnownFileType = text; path = neatspeech_us1_mgc.win3; sourceTree = "<group>"; };
		4C4781CE1725861A00C4F7C1 /* neatspeech_us1_README */ = {isa = PBXFileReference; fileEncoding = 4; lastKnownFileType = text; path = neatspeech_us1_README; sourceTree = "<group>"; };
		4C4781CF1725861A00C4F7C1 /* neatspeech_us1_tree-dur.inf */ = {isa = PBXFileReference; fileEncoding = 4; lastKnownFileType = text; path = "neatspeech_us1_tree-dur.inf"; sourceTree = "<group>"; };
		4C4781D01725861A00C4F7C1 /* neatspeech_us1_tree-gv-lf0.inf */ = {isa = PBXFileReference; fileEncoding = 4; lastKnownFileType = text; path = "neatspeech_us1_tree-gv-lf0.inf"; sourceTree = "<group>"; };
		4C4781D11725861A00C4F7C1 /* neatspeech_us1_tree-gv-mgc.inf */ = {isa = PBXFileReference; fileEncoding = 4; lastKnownFileType = text; path = "neatspeech_us1_tree-gv-mgc.inf"; sourceTree = "<group>"; };
		4C4781D21725861A00C4F7C1 /* neatspeech_us1_tree-lf0.inf */ = {isa = PBXFileReference; fileEncoding = 4; lastKnownFileType = text; path = "neatspeech_us1_tree-lf0.inf"; sourceTree = "<group>"; };
		4C4781D31725861A00C4F7C1 /* neatspeech_us1_tree-lpf.inf */ = {isa = PBXFileReference; fileEncoding = 4; lastKnownFileType = text; path = "neatspeech_us1_tree-lpf.inf"; sourceTree = "<group>"; };
		4C4781D41725861A00C4F7C1 /* neatspeech_us1_tree-mgc.inf */ = {isa = PBXFileReference; fileEncoding = 4; lastKnownFileType = text; path = "neatspeech_us1_tree-mgc.inf"; sourceTree = "<group>"; };
		4C4FEB3216C446A500434F60 /* AVFoundation.framework */ = {isa = PBXFileReference; lastKnownFileType = wrapper.framework; name = AVFoundation.framework; path = System/Library/Frameworks/AVFoundation.framework; sourceTree = SDKROOT; };
		4C508A7A16FB60430029FEB3 /* HightBar.png */ = {isa = PBXFileReference; lastKnownFileType = image.png; path = HightBar.png; sourceTree = "<group>"; };
		4C50A416170DCA8F00D03D44 /* ABTouchLayer.h */ = {isa = PBXFileReference; fileEncoding = 4; lastKnownFileType = sourcecode.c.h; path = ABTouchLayer.h; sourceTree = "<group>"; };
		4C50A417170DCA8F00D03D44 /* ABTouchLayer.m */ = {isa = PBXFileReference; fileEncoding = 4; lastKnownFileType = sourcecode.c.objc; path = ABTouchLayer.m; sourceTree = "<group>"; };
		4C52BC9F16C9481800F76B45 /* hop.mp3 */ = {isa = PBXFileReference; lastKnownFileType = audio.mp3; path = hop.mp3; sourceTree = "<group>"; };
		4C52BCA116C9499C00F76B45 /* disable.mp3 */ = {isa = PBXFileReference; lastKnownFileType = audio.mp3; path = disable.mp3; sourceTree = "<group>"; };
		4C569AA417147A7B0073D8F8 /* FlashCard.h */ = {isa = PBXFileReference; fileEncoding = 4; lastKnownFileType = sourcecode.c.h; path = FlashCard.h; sourceTree = "<group>"; };
		4C569AA517147A7B0073D8F8 /* FlashCard.m */ = {isa = PBXFileReference; fileEncoding = 4; lastKnownFileType = sourcecode.c.objc; path = FlashCard.m; sourceTree = "<group>"; };
		4C569AA717147A9E0073D8F8 /* menuItem4.png */ = {isa = PBXFileReference; lastKnownFileType = image.png; path = menuItem4.png; sourceTree = "<group>"; };
		4C569AA817147A9E0073D8F8 /* menuItem4x90.png */ = {isa = PBXFileReference; lastKnownFileType = image.png; path = menuItem4x90.png; sourceTree = "<group>"; };
		4C65356116C443A900611B6F /* MainMenu.h */ = {isa = PBXFileReference; fileEncoding = 4; lastKnownFileType = sourcecode.c.h; path = MainMenu.h; sourceTree = "<group>"; };
		4C65356216C443A900611B6F /* MainMenu.m */ = {isa = PBXFileReference; fileEncoding = 4; lastKnownFileType = sourcecode.c.objc; path = MainMenu.m; sourceTree = "<group>"; };
		4C751F1716FA052F003967D8 /* MenuTitles.plist */ = {isa = PBXFileReference; fileEncoding = 4; lastKnownFileType = text.plist.xml; path = MenuTitles.plist; sourceTree = "<group>"; };
		4C89EA9916C0143B00318BE2 /* CoreData.framework */ = {isa = PBXFileReference; lastKnownFileType = wrapper.framework; name = CoreData.framework; path = System/Library/Frameworks/CoreData.framework; sourceTree = SDKROOT; };
		4C89EA9C16C0158600318BE2 /* ApplicationStore.xcdatamodel */ = {isa = PBXFileReference; lastKnownFileType = wrapper.xcdatamodel; path = ApplicationStore.xcdatamodel; sourceTree = "<group>"; };
		4C8E8F361718529C0014F330 /* ABParser.h */ = {isa = PBXFileReference; fileEncoding = 4; lastKnownFileType = sourcecode.c.h; path = ABParser.h; sourceTree = "<group>"; };
		4C8E8F371718529C0014F330 /* ABParser.m */ = {isa = PBXFileReference; fileEncoding = 4; lastKnownFileType = sourcecode.c.objc; path = ABParser.m; sourceTree = "<group>"; };
		4CA076DA16D58590006DDBD3 /* menuItem0.png */ = {isa = PBXFileReference; lastKnownFileType = image.png; path = menuItem0.png; sourceTree = "<group>"; };
		4CA076DE16D5889C006DDBD3 /* menuItem1.png */ = {isa = PBXFileReference; lastKnownFileType = image.png; path = menuItem1.png; sourceTree = "<group>"; };
		4CA076E016D58A3A006DDBD3 /* Settings.h */ = {isa = PBXFileReference; fileEncoding = 4; lastKnownFileType = sourcecode.c.h; path = Settings.h; sourceTree = "<group>"; };
		4CA076E116D58A3A006DDBD3 /* Settings.m */ = {isa = PBXFileReference; fileEncoding = 4; lastKnownFileType = sourcecode.c.objc; path = Settings.m; sourceTree = "<group>"; };
		4CA076E316D595F3006DDBD3 /* menuItem2.png */ = {isa = PBXFileReference; lastKnownFileType = image.png; path = menuItem2.png; sourceTree = "<group>"; };
		4CA74D9E16F8C99F007036F3 /* MainMenuItemImage.h */ = {isa = PBXFileReference; fileEncoding = 4; lastKnownFileType = sourcecode.c.h; path = MainMenuItemImage.h; sourceTree = "<group>"; };
		4CA74D9F16F8C99F007036F3 /* MainMenuItemImage.m */ = {isa = PBXFileReference; fileEncoding = 4; lastKnownFileType = sourcecode.c.objc; path = MainMenuItemImage.m; sourceTree = "<group>"; };
		4CB222AD1706063E00BD3608 /* ABTypes.m */ = {isa = PBXFileReference; fileEncoding = 4; lastKnownFileType = sourcecode.c.objc; path = ABTypes.m; sourceTree = "<group>"; };
		4CEC5E5716CD7F3B00858B66 /* mainMenu.png */ = {isa = PBXFileReference; lastKnownFileType = image.png; path = mainMenu.png; sourceTree = "<group>"; };
		4CEC5E5D16CD8CA500858B66 /* slideOutMenu.png */ = {isa = PBXFileReference; lastKnownFileType = image.png; path = slideOutMenu.png; sourceTree = "<group>"; };
		4CEC5E6216CD91E200858B66 /* icon144.png */ = {isa = PBXFileReference; lastKnownFileType = image.png; path = icon144.png; sourceTree = "<group>"; };
		4CEC5E6516CD91EC00858B66 /* icon144.png */ = {isa = PBXFileReference; lastKnownFileType = image.png; path = icon144.png; sourceTree = "<group>"; };
		4CEE19A016FCA05400E36128 /* ABActivateKeyboardGestureRecognizer.h */ = {isa = PBXFileReference; fileEncoding = 4; lastKnownFileType = sourcecode.c.h; path = ABActivateKeyboardGestureRecognizer.h; sourceTree = "<group>"; };
		4CEE19A116FCA05400E36128 /* ABActivateKeyboardGestureRecognizer.m */ = {isa = PBXFileReference; fileEncoding = 4; lastKnownFileType = sourcecode.c.objc; path = ABActivateKeyboardGestureRecognizer.m; sourceTree = "<group>"; };
		4CEE19A216FCA05400E36128 /* ABKeyboard.h */ = {isa = PBXFileReference; fileEncoding = 4; lastKnownFileType = sourcecode.c.h; path = ABKeyboard.h; sourceTree = "<group>"; };
		4CEE19A316FCA05400E36128 /* ABKeyboard.m */ = {isa = PBXFileReference; fileEncoding = 4; lastKnownFileType = sourcecode.c.objc; path = ABKeyboard.m; sourceTree = "<group>"; };
		4CEFD38816EE1D4700961754 /* menuItem0x90.png */ = {isa = PBXFileReference; lastKnownFileType = image.png; name = menuItem0x90.png; path = ../menuItem0x90.png; sourceTree = "<group>"; };
		4CEFD38A16EE1F9100961754 /* NSArray+ObjectSubsets.h */ = {isa = PBXFileReference; fileEncoding = 4; lastKnownFileType = sourcecode.c.h; path = "NSArray+ObjectSubsets.h"; sourceTree = "<group>"; };
		4CEFD38B16EE1F9100961754 /* NSArray+ObjectSubsets.m */ = {isa = PBXFileReference; fileEncoding = 4; lastKnownFileType = sourcecode.c.objc; path = "NSArray+ObjectSubsets.m"; sourceTree = "<group>"; };
		A9343269169F483D00C659C1 /* UIBezelGestureRecognizer.h */ = {isa = PBXFileReference; fileEncoding = 4; lastKnownFileType = sourcecode.c.h; path = UIBezelGestureRecognizer.h; sourceTree = "<group>"; };
		A934326A169F483D00C659C1 /* UIBezelGestureRecognizer.m */ = {isa = PBXFileReference; fileEncoding = 4; lastKnownFileType = sourcecode.c.objc; path = UIBezelGestureRecognizer.m; sourceTree = "<group>"; };
		A94471E4169CAC1000B66193 /* NavigationView.h */ = {isa = PBXFileReference; fileEncoding = 4; lastKnownFileType = sourcecode.c.h; path = NavigationView.h; sourceTree = "<group>"; };
		A94471E5169CAC1000B66193 /* NavigationView.m */ = {isa = PBXFileReference; fileEncoding = 4; lastKnownFileType = sourcecode.c.objc; path = NavigationView.m; sourceTree = "<group>"; };
		A9479C351670034E00CE9475 /* AccessBraille.app */ = {isa = PBXFileReference; explicitFileType = wrapper.application; includeInIndex = 0; path = AccessBraille.app; sourceTree = BUILT_PRODUCTS_DIR; };
		A9479C381670034E00CE9475 /* UIKit.framework */ = {isa = PBXFileReference; lastKnownFileType = wrapper.framework; name = UIKit.framework; path = System/Library/Frameworks/UIKit.framework; sourceTree = SDKROOT; };
		A9479C3A1670034E00CE9475 /* Foundation.framework */ = {isa = PBXFileReference; lastKnownFileType = wrapper.framework; name = Foundation.framework; path = System/Library/Frameworks/Foundation.framework; sourceTree = SDKROOT; };
		A9479C3C1670034E00CE9475 /* CoreGraphics.framework */ = {isa = PBXFileReference; lastKnownFileType = wrapper.framework; name = CoreGraphics.framework; path = System/Library/Frameworks/CoreGraphics.framework; sourceTree = SDKROOT; };
		A9479C401670034E00CE9475 /* AccessBraille-Info.plist */ = {isa = PBXFileReference; lastKnownFileType = text.plist.xml; path = "AccessBraille-Info.plist"; sourceTree = "<group>"; };
		A9479C441670034E00CE9475 /* main.m */ = {isa = PBXFileReference; lastKnownFileType = sourcecode.c.objc; path = main.m; sourceTree = "<group>"; };
		A9479C461670034E00CE9475 /* AccessBraille-Prefix.pch */ = {isa = PBXFileReference; lastKnownFileType = sourcecode.c.h; path = "AccessBraille-Prefix.pch"; sourceTree = "<group>"; };
		A9479C471670034E00CE9475 /* AppDelegate.h */ = {isa = PBXFileReference; lastKnownFileType = sourcecode.c.h; path = AppDelegate.h; sourceTree = "<group>"; };
		A9479C481670034E00CE9475 /* AppDelegate.m */ = {isa = PBXFileReference; lastKnownFileType = sourcecode.c.objc; path = AppDelegate.m; sourceTree = "<group>"; };
		A9479C4A1670034E00CE9475 /* Default.png */ = {isa = PBXFileReference; lastKnownFileType = image.png; path = Default.png; sourceTree = "<group>"; };
		A9479C4C1670034E00CE9475 /* Default@2x.png */ = {isa = PBXFileReference; lastKnownFileType = image.png; path = "Default@2x.png"; sourceTree = "<group>"; };
		A9479C4E1670034E00CE9475 /* Default-568h@2x.png */ = {isa = PBXFileReference; lastKnownFileType = image.png; path = "Default-568h@2x.png"; sourceTree = "<group>"; };
		A9479C511670034E00CE9475 /* en */ = {isa = PBXFileReference; lastKnownFileType = file.storyboard; name = en; path = en.lproj/MainStoryboard.storyboard; sourceTree = "<group>"; };
		A9479C531670034E00CE9475 /* BrailleTyperController.h */ = {isa = PBXFileReference; lastKnownFileType = sourcecode.c.h; path = BrailleTyperController.h; sourceTree = "<group>"; };
		A9479C541670034E00CE9475 /* BrailleTyperController.m */ = {isa = PBXFileReference; lastKnownFileType = sourcecode.c.objc; path = BrailleTyperController.m; sourceTree = "<group>"; };
		A9479C5B1670034E00CE9475 /* AccessBrailleTests.octest */ = {isa = PBXFileReference; explicitFileType = wrapper.cfbundle; includeInIndex = 0; path = AccessBrailleTests.octest; sourceTree = BUILT_PRODUCTS_DIR; };
		A9479C5C1670034E00CE9475 /* SenTestingKit.framework */ = {isa = PBXFileReference; lastKnownFileType = wrapper.framework; name = SenTestingKit.framework; path = Library/Frameworks/SenTestingKit.framework; sourceTree = DEVELOPER_DIR; };
		A9479C641670034E00CE9475 /* AccessBrailleTests-Info.plist */ = {isa = PBXFileReference; lastKnownFileType = text.plist.xml; path = "AccessBrailleTests-Info.plist"; sourceTree = "<group>"; };
		A9479C661670034E00CE9475 /* en */ = {isa = PBXFileReference; lastKnownFileType = text.plist.strings; name = en; path = en.lproj/InfoPlist.strings; sourceTree = "<group>"; };
		A9479C681670034F00CE9475 /* AccessBrailleTests.h */ = {isa = PBXFileReference; lastKnownFileType = sourcecode.c.h; path = AccessBrailleTests.h; sourceTree = "<group>"; };
		A9479C691670034F00CE9475 /* AccessBrailleTests.m */ = {isa = PBXFileReference; lastKnownFileType = sourcecode.c.objc; path = AccessBrailleTests.m; sourceTree = "<group>"; };
		A95FFC251679394600BF966C /* grade1lookup.plist */ = {isa = PBXFileReference; fileEncoding = 4; lastKnownFileType = text.plist.xml; path = grade1lookup.plist; sourceTree = "<group>"; };
		A97FF44A16B1CE1300116AEC /* Enabled.h */ = {isa = PBXFileReference; fileEncoding = 4; lastKnownFileType = sourcecode.c.h; path = Enabled.h; sourceTree = "<group>"; };
		A97FF44B16B1CE1300116AEC /* Enabled.m */ = {isa = PBXFileReference; fileEncoding = 4; lastKnownFileType = sourcecode.c.objc; path = Enabled.m; sourceTree = "<group>"; };
		A99671BE16810EFA00AAA322 /* AudioToolbox.framework */ = {isa = PBXFileReference; lastKnownFileType = wrapper.framework; name = AudioToolbox.framework; path = System/Library/Frameworks/AudioToolbox.framework; sourceTree = SDKROOT; };
		A9C960D3167F7B4F00084764 /* Drawing.h */ = {isa = PBXFileReference; fileEncoding = 4; lastKnownFileType = sourcecode.c.h; path = Drawing.h; sourceTree = "<group>"; };
		A9C960D4167F7B4F00084764 /* Drawing.m */ = {isa = PBXFileReference; fileEncoding = 4; lastKnownFileType = sourcecode.c.objc; path = Drawing.m; sourceTree = "<group>"; };
		A9ECC82316A7652500998AD4 /* newViewControllerTemplate.h */ = {isa = PBXFileReference; fileEncoding = 4; lastKnownFileType = sourcecode.c.h; path = newViewControllerTemplate.h; sourceTree = "<group>"; };
		A9ECC82416A7652500998AD4 /* newViewControllerTemplate.m */ = {isa = PBXFileReference; fileEncoding = 4; lastKnownFileType = sourcecode.c.objc; path = newViewControllerTemplate.m; sourceTree = "<group>"; };
		A9ECC82916A7780B00998AD4 /* NavigationContainer.h */ = {isa = PBXFileReference; fileEncoding = 4; lastKnownFileType = sourcecode.c.h; path = NavigationContainer.h; sourceTree = "<group>"; };
		A9ECC82A16A7780B00998AD4 /* NavigationContainer.m */ = {isa = PBXFileReference; fileEncoding = 4; lastKnownFileType = sourcecode.c.objc; path = NavigationContainer.m; sourceTree = "<group>"; };
		A9FE03A116B6CB780065E9EC /* TextOut.h */ = {isa = PBXFileReference; fileEncoding = 4; lastKnownFileType = sourcecode.c.h; path = TextOut.h; sourceTree = "<group>"; };
		A9FE03A216B6CB780065E9EC /* TextOut.m */ = {isa = PBXFileReference; fileEncoding = 4; lastKnownFileType = sourcecode.c.objc; path = TextOut.m; sourceTree = "<group>"; };
/* End PBXFileReference section */

/* Begin PBXFrameworksBuildPhase section */
		A9479C321670034E00CE9475 /* Frameworks */ = {
			isa = PBXFrameworksBuildPhase;
			buildActionMask = 2147483647;
			files = (
				4C4FEB3316C446A500434F60 /* AVFoundation.framework in Frameworks */,
				4C4FEB3116C446A400434F60 /* AudioToolbox.framework in Frameworks */,
				4C89EA9A16C0143B00318BE2 /* CoreData.framework in Frameworks */,
				A9479C391670034E00CE9475 /* UIKit.framework in Frameworks */,
				A9479C3B1670034E00CE9475 /* Foundation.framework in Frameworks */,
				A9479C3D1670034E00CE9475 /* CoreGraphics.framework in Frameworks */,
				4C47819917219FC100C4F7C1 /* OpenEars.framework in Frameworks */,
				4C47819F17219FC100C4F7C1 /* Slt.framework in Frameworks */,
				4C4781A11725860400C4F7C1 /* NeatSpeechDemo.framework in Frameworks */,
				4C4781D51725861A00C4F7C1 /* Beatrice.framework in Frameworks */,
				4C4781D61725861A00C4F7C1 /* Elliott.framework in Frameworks */,
				4C4781D71725861A00C4F7C1 /* Emma.framework in Frameworks */,
				4C4781D81725861A00C4F7C1 /* William.framework in Frameworks */,
			);
			runOnlyForDeploymentPostprocessing = 0;
		};
		A9479C571670034E00CE9475 /* Frameworks */ = {
			isa = PBXFrameworksBuildPhase;
			buildActionMask = 2147483647;
			files = (
				A9479C5D1670034E00CE9475 /* SenTestingKit.framework in Frameworks */,
				A9479C5E1670034E00CE9475 /* UIKit.framework in Frameworks */,
				A9479C5F1670034E00CE9475 /* Foundation.framework in Frameworks */,
			);
			runOnlyForDeploymentPostprocessing = 0;
		};
/* End PBXFrameworksBuildPhase section */

/* Begin PBXGroup section */
		4C47818017219FC100C4F7C1 /* Framework */ = {
			isa = PBXGroup;
			children = (
				4C47818117219FC100C4F7C1 /* cmu07a.dic */,
				4C47818217219FC100C4F7C1 /* hub4wsj_sc_8k */,
				4C47818A17219FC100C4F7C1 /* OpenEars.framework */,
				4C47818B17219FC100C4F7C1 /* OpenEars1.dic */,
				4C47818C17219FC100C4F7C1 /* OpenEars1.gram */,
				4C47818D17219FC100C4F7C1 /* OpenEars1.languagemodel */,
				4C47818E17219FC100C4F7C1 /* OpenEars2.gram */,
				4C47818F17219FC100C4F7C1 /* OpenEarsCorpus.txt */,
				4C47819017219FC100C4F7C1 /* Slt.framework */,
			);
			path = Framework;
			sourceTree = "<group>";
		};
		4C47818217219FC100C4F7C1 /* hub4wsj_sc_8k */ = {
			isa = PBXGroup;
			children = (
				4C47818317219FC100C4F7C1 /* feat.params */,
				4C47818417219FC100C4F7C1 /* mdef */,
				4C47818517219FC100C4F7C1 /* means */,
				4C47818617219FC100C4F7C1 /* noisedict */,
				4C47818717219FC100C4F7C1 /* sendump */,
				4C47818817219FC100C4F7C1 /* transition_matrices */,
				4C47818917219FC100C4F7C1 /* variances */,
			);
			path = hub4wsj_sc_8k;
			sourceTree = "<group>";
		};
		4C4781A21725861A00C4F7C1 /* Voices */ = {
			isa = PBXGroup;
			children = (
				4C4781A31725861A00C4F7C1 /* Demo */,
				4C4781A81725861A00C4F7C1 /* VoiceData */,
			);
			path = Voices;
			sourceTree = "<group>";
		};
		4C4781A31725861A00C4F7C1 /* Demo */ = {
			isa = PBXGroup;
			children = (
				4C4781A41725861A00C4F7C1 /* Beatrice.framework */,
				4C4781A51725861A00C4F7C1 /* Elliott.framework */,
				4C4781A61725861A00C4F7C1 /* Emma.framework */,
				4C4781A71725861A00C4F7C1 /* William.framework */,
			);
			path = Demo;
			sourceTree = "<group>";
		};
		4C4781A81725861A00C4F7C1 /* VoiceData */ = {
			isa = PBXGroup;
			children = (
				4C4781A91725861A00C4F7C1 /* NeatSpeechUKDataset1 */,
				4C4781BD1725861A00C4F7C1 /* NeatSpeechUSDataset1 */,
			);
			path = VoiceData;
			sourceTree = "<group>";
		};
		4C4781A91725861A00C4F7C1 /* NeatSpeechUKDataset1 */ = {
			isa = PBXGroup;
			children = (
				4C4781AA1725861A00C4F7C1 /* neatspeech_uk1_COPYRIGHT */,
				4C4781AB1725861A00C4F7C1 /* neatspeech_uk1_dur.pdf */,
				4C4781AC1725861A00C4F7C1 /* neatspeech_uk1_gv-lf0.pdf */,
				4C4781AD1725861A00C4F7C1 /* neatspeech_uk1_gv-mgc.pdf */,
				4C4781AE1725861A00C4F7C1 /* neatspeech_uk1_gv-switch.inf */,
				4C4781AF1725861A00C4F7C1 /* neatspeech_uk1_lf0.pdf */,
				4C4781B01725861A00C4F7C1 /* neatspeech_uk1_lf0.win1 */,
				4C4781B11725861A00C4F7C1 /* neatspeech_uk1_lf0.win2 */,
				4C4781B21725861A00C4F7C1 /* neatspeech_uk1_lf0.win3 */,
				4C4781B31725861A00C4F7C1 /* neatspeech_uk1_mgc.pdf */,
				4C4781B41725861A00C4F7C1 /* neatspeech_uk1_mgc.win1 */,
				4C4781B51725861A00C4F7C1 /* neatspeech_uk1_mgc.win2 */,
				4C4781B61725861A00C4F7C1 /* neatspeech_uk1_mgc.win3 */,
				4C4781B71725861A00C4F7C1 /* neatspeech_uk1_README */,
				4C4781B81725861A00C4F7C1 /* neatspeech_uk1_tree-dur.inf */,
				4C4781B91725861A00C4F7C1 /* neatspeech_uk1_tree-gv-lf0.inf */,
				4C4781BA1725861A00C4F7C1 /* neatspeech_uk1_tree-gv-mgc.inf */,
				4C4781BB1725861A00C4F7C1 /* neatspeech_uk1_tree-lf0.inf */,
				4C4781BC1725861A00C4F7C1 /* neatspeech_uk1_tree-mgc.inf */,
			);
			path = NeatSpeechUKDataset1;
			sourceTree = "<group>";
		};
		4C4781BD1725861A00C4F7C1 /* NeatSpeechUSDataset1 */ = {
			isa = PBXGroup;
			children = (
				4C4781BE1725861A00C4F7C1 /* neatspeech_us1_COPYING */,
				4C4781BF1725861A00C4F7C1 /* neatspeech_us1_dur.pdf */,
				4C4781C01725861A00C4F7C1 /* neatspeech_us1_gv-lf0.pdf */,
				4C4781C11725861A00C4F7C1 /* neatspeech_us1_gv-mgc.pdf */,
				4C4781C21725861A00C4F7C1 /* neatspeech_us1_gv-switch.inf */,
				4C4781C31725861A00C4F7C1 /* neatspeech_us1_INSTALL */,
				4C4781C41725861A00C4F7C1 /* neatspeech_us1_lf0.pdf */,
				4C4781C51725861A00C4F7C1 /* neatspeech_us1_lf0.win1 */,
				4C4781C61725861A00C4F7C1 /* neatspeech_us1_lf0.win2 */,
				4C4781C71725861A00C4F7C1 /* neatspeech_us1_lf0.win3 */,
				4C4781C81725861A00C4F7C1 /* neatspeech_us1_lpf.pdf */,
				4C4781C91725861A00C4F7C1 /* neatspeech_us1_lpf.win1 */,
				4C4781CA1725861A00C4F7C1 /* neatspeech_us1_mgc.pdf */,
				4C4781CB1725861A00C4F7C1 /* neatspeech_us1_mgc.win1 */,
				4C4781CC1725861A00C4F7C1 /* neatspeech_us1_mgc.win2 */,
				4C4781CD1725861A00C4F7C1 /* neatspeech_us1_mgc.win3 */,
				4C4781CE1725861A00C4F7C1 /* neatspeech_us1_README */,
				4C4781CF1725861A00C4F7C1 /* neatspeech_us1_tree-dur.inf */,
				4C4781D01725861A00C4F7C1 /* neatspeech_us1_tree-gv-lf0.inf */,
				4C4781D11725861A00C4F7C1 /* neatspeech_us1_tree-gv-mgc.inf */,
				4C4781D21725861A00C4F7C1 /* neatspeech_us1_tree-lf0.inf */,
				4C4781D31725861A00C4F7C1 /* neatspeech_us1_tree-lpf.inf */,
				4C4781D41725861A00C4F7C1 /* neatspeech_us1_tree-mgc.inf */,
			);
			path = NeatSpeechUSDataset1;
			sourceTree = "<group>";
		};
		4C48079016C01CAF001E3EF1 /* Models */ = {
			isa = PBXGroup;
			children = (
				4C89EA9B16C0158600318BE2 /* ApplicationStore.xcdatamodeld */,
				4C17FA1616C03C9500FFC112 /* BrailleTyper.h */,
				4C17FA1716C03C9500FFC112 /* BrailleTyper.m */,
			);
			name = Models;
			sourceTree = "<group>";
		};
		4CEFD38D16EE388E00961754 /* AccessBraille Framework */ = {
			isa = PBXGroup;
			children = (
				4C433B8F1705DF4B003D2DE7 /* ABTypes.h */,
				4CB222AD1706063E00BD3608 /* ABTypes.m */,
				4CEE19A016FCA05400E36128 /* ABActivateKeyboardGestureRecognizer.h */,
				4CEE19A116FCA05400E36128 /* ABActivateKeyboardGestureRecognizer.m */,
				4C1B824E171316F60035797D /* ABBrailleReader.h */,
				4C1B824F171316F60035797D /* ABBrailleReader.m */,
				4CEE19A216FCA05400E36128 /* ABKeyboard.h */,
				4CEE19A316FCA05400E36128 /* ABKeyboard.m */,
				4C50A416170DCA8F00D03D44 /* ABTouchLayer.h */,
				4C50A417170DCA8F00D03D44 /* ABTouchLayer.m */,
				4C092A5E170F1AFA00650986 /* ABTouchView.h */,
				4C092A5F170F1AFA00650986 /* ABTouchView.m */,
				4C8E8F361718529C0014F330 /* ABParser.h */,
				4C8E8F371718529C0014F330 /* ABParser.m */,
				4CEFD38A16EE1F9100961754 /* NSArray+ObjectSubsets.h */,
				4CEFD38B16EE1F9100961754 /* NSArray+ObjectSubsets.m */,
				4C47815D17219E9400C4F7C1 /* ABSpeak.h */,
				4C47815E17219E9400C4F7C1 /* ABSpeak.m */,
			);
			name = "AccessBraille Framework";
			sourceTree = "<group>";
		};
		A9343268169F47D700C659C1 /* Gestures */ = {
			isa = PBXGroup;
			children = (
				A9343269169F483D00C659C1 /* UIBezelGestureRecognizer.h */,
				A934326A169F483D00C659C1 /* UIBezelGestureRecognizer.m */,
			);
			name = Gestures;
			sourceTree = "<group>";
		};
		A934326C16A070CB00C659C1 /* Images */ = {
			isa = PBXGroup;
			children = (
				4C508A7A16FB60430029FEB3 /* HightBar.png */,
				4CA076DA16D58590006DDBD3 /* menuItem0.png */,
				4CEFD38816EE1D4700961754 /* menuItem0x90.png */,
				4CA076E316D595F3006DDBD3 /* menuItem2.png */,
				4C11AEA516F214C900A9210A /* menuItem2x90.png */,
				4CA076DE16D5889C006DDBD3 /* menuItem1.png */,
				4C11AEA316F2144A00A9210A /* menuItem1x90.png */,
				4C2B0B1616F37A2D00CC64F2 /* menuItem3.png */,
				4C2B0B1B16F37C0100CC64F2 /* menuItem3x90.png */,
				4C3C91AF16CE962500954A54 /* mainMenu@2x.png */,
				4CEC5E5716CD7F3B00858B66 /* mainMenu.png */,
				4C3C91A116CE8F0A00954A54 /* menuItem.png */,
				4CEC5E6216CD91E200858B66 /* icon144.png */,
				4CEC5E5D16CD8CA500858B66 /* slideOutMenu.png */,
				4C569AA717147A9E0073D8F8 /* menuItem4.png */,
				4C569AA817147A9E0073D8F8 /* menuItem4x90.png */,
			);
			name = Images;
			sourceTree = "<group>";
		};
		A934326F16A075A400C659C1 /* View */ = {
			isa = PBXGroup;
			children = (
				A9C960D3167F7B4F00084764 /* Drawing.h */,
				A9C960D4167F7B4F00084764 /* Drawing.m */,
				A94471E4169CAC1000B66193 /* NavigationView.h */,
				A94471E5169CAC1000B66193 /* NavigationView.m */,
				A97FF44A16B1CE1300116AEC /* Enabled.h */,
				A97FF44B16B1CE1300116AEC /* Enabled.m */,
				A9FE03A116B6CB780065E9EC /* TextOut.h */,
				A9FE03A216B6CB780065E9EC /* TextOut.m */,
				4C3C91B116CE9D7D00954A54 /* MainMenuNavigation.h */,
				4C3C91B216CE9D7D00954A54 /* MainMenuNavigation.m */,
				4CA74D9E16F8C99F007036F3 /* MainMenuItemImage.h */,
				4CA74D9F16F8C99F007036F3 /* MainMenuItemImage.m */,
			);
			name = View;
			sourceTree = "<group>";
		};
		A9479C2C1670034D00CE9475 = {
			isa = PBXGroup;
			children = (
				4C3C91AD16CE91DC00954A54 /* Default-Landscape~ipad.png */,
				4C3C91AB16CE91CF00954A54 /* Default-Landscape@2x~ipad.png */,
				4CEC5E6516CD91EC00858B66 /* icon144.png */,
				A9479C3E1670034E00CE9475 /* AccessBraille */,
				A9479C621670034E00CE9475 /* AccessBrailleTests */,
				A9479C371670034E00CE9475 /* Frameworks */,
				A9479C361670034E00CE9475 /* Products */,
			);
			sourceTree = "<group>";
		};
		A9479C361670034E00CE9475 /* Products */ = {
			isa = PBXGroup;
			children = (
				A9479C351670034E00CE9475 /* AccessBraille.app */,
				A9479C5B1670034E00CE9475 /* AccessBrailleTests.octest */,
			);
			name = Products;
			sourceTree = "<group>";
		};
		A9479C371670034E00CE9475 /* Frameworks */ = {
			isa = PBXGroup;
			children = (
				4C4781A01725860400C4F7C1 /* NeatSpeechDemo.framework */,
				4C4781A21725861A00C4F7C1 /* Voices */,
				4C47818017219FC100C4F7C1 /* Framework */,
				4C4FEB3216C446A500434F60 /* AVFoundation.framework */,
				4C89EA9916C0143B00318BE2 /* CoreData.framework */,
				A99671BE16810EFA00AAA322 /* AudioToolbox.framework */,
				A9479C381670034E00CE9475 /* UIKit.framework */,
				A9479C3A1670034E00CE9475 /* Foundation.framework */,
				A9479C3C1670034E00CE9475 /* CoreGraphics.framework */,
				A9479C5C1670034E00CE9475 /* SenTestingKit.framework */,
			);
			name = Frameworks;
			sourceTree = "<group>";
		};
		A9479C3E1670034E00CE9475 /* AccessBraille */ = {
			isa = PBXGroup;
			children = (
				4CEFD38D16EE388E00961754 /* AccessBraille Framework */,
				4C48079016C01CAF001E3EF1 /* Models */,
				A934326F16A075A400C659C1 /* View */,
				A9ECC82216A764E900998AD4 /* Controllers */,
				A9ECC82116A764C300998AD4 /* Resources */,
				A934326C16A070CB00C659C1 /* Images */,
				A9343268169F47D700C659C1 /* Gestures */,
				A9479C471670034E00CE9475 /* AppDelegate.h */,
				A9479C481670034E00CE9475 /* AppDelegate.m */,
				A9479C501670034E00CE9475 /* MainStoryboard.storyboard */,
				A9479C3F1670034E00CE9475 /* Supporting Files */,
			);
			path = AccessBraille;
			sourceTree = "<group>";
		};
		A9479C3F1670034E00CE9475 /* Supporting Files */ = {
			isa = PBXGroup;
			children = (
				A95FFC251679394600BF966C /* grade1lookup.plist */,
				A9479C401670034E00CE9475 /* AccessBraille-Info.plist */,
				4C11AEA116F0D5A500A9210A /* menu.plist */,
				4C2F59E816F76EBC008F8185 /* menuDiscriptions.plist */,
				4C751F1716FA052F003967D8 /* MenuTitles.plist */,
				A9479C441670034E00CE9475 /* main.m */,
				A9479C461670034E00CE9475 /* AccessBraille-Prefix.pch */,
				A9479C4A1670034E00CE9475 /* Default.png */,
				A9479C4C1670034E00CE9475 /* Default@2x.png */,
				A9479C4E1670034E00CE9475 /* Default-568h@2x.png */,
			);
			name = "Supporting Files";
			sourceTree = "<group>";
		};
		A9479C621670034E00CE9475 /* AccessBrailleTests */ = {
			isa = PBXGroup;
			children = (
				A9479C681670034F00CE9475 /* AccessBrailleTests.h */,
				A9479C691670034F00CE9475 /* AccessBrailleTests.m */,
				A9479C631670034E00CE9475 /* Supporting Files */,
			);
			path = AccessBrailleTests;
			sourceTree = "<group>";
		};
		A9479C631670034E00CE9475 /* Supporting Files */ = {
			isa = PBXGroup;
			children = (
				A9479C641670034E00CE9475 /* AccessBrailleTests-Info.plist */,
				A9479C651670034E00CE9475 /* InfoPlist.strings */,
			);
			name = "Supporting Files";
			sourceTree = "<group>";
		};
		A9ECC82116A764C300998AD4 /* Resources */ = {
			isa = PBXGroup;
			children = (
				4C2F59E416F76CA5008F8185 /* backspace.aiff */,
				4C2F59E516F76CA5008F8185 /* navClick.aiff */,
				4C52BCA116C9499C00F76B45 /* disable.mp3 */,
				4C52BC9F16C9481800F76B45 /* hop.mp3 */,
			);
			name = Resources;
			sourceTree = "<group>";
		};
		A9ECC82216A764E900998AD4 /* Controllers */ = {
			isa = PBXGroup;
			children = (
				A9ECC82916A7780B00998AD4 /* NavigationContainer.h */,
				A9ECC82A16A7780B00998AD4 /* NavigationContainer.m */,
				A9479C531670034E00CE9475 /* BrailleTyperController.h */,
				A9479C541670034E00CE9475 /* BrailleTyperController.m */,
				4C569AA417147A7B0073D8F8 /* FlashCard.h */,
				4C569AA517147A7B0073D8F8 /* FlashCard.m */,
				4C65356116C443A900611B6F /* MainMenu.h */,
				4C65356216C443A900611B6F /* MainMenu.m */,
				4C2B0B1416F37A2D00CC64F2 /* InstructionsMenu.h */,
				4C2B0B1516F37A2D00CC64F2 /* InstructionsMenu.m */,
				A9ECC82316A7652500998AD4 /* newViewControllerTemplate.h */,
				A9ECC82416A7652500998AD4 /* newViewControllerTemplate.m */,
				4CA076E016D58A3A006DDBD3 /* Settings.h */,
				4CA076E116D58A3A006DDBD3 /* Settings.m */,
			);
			name = Controllers;
			sourceTree = "<group>";
		};
/* End PBXGroup section */

/* Begin PBXNativeTarget section */
		A9479C341670034E00CE9475 /* AccessBraille */ = {
			isa = PBXNativeTarget;
			buildConfigurationList = A9479C6D1670034F00CE9475 /* Build configuration list for PBXNativeTarget "AccessBraille" */;
			buildPhases = (
				A9479C311670034E00CE9475 /* Sources */,
				A9479C321670034E00CE9475 /* Frameworks */,
				A9479C331670034E00CE9475 /* Resources */,
			);
			buildRules = (
			);
			dependencies = (
			);
			name = AccessBraille;
			productName = AccessBraille;
			productReference = A9479C351670034E00CE9475 /* AccessBraille.app */;
			productType = "com.apple.product-type.application";
		};
		A9479C5A1670034E00CE9475 /* AccessBrailleTests */ = {
			isa = PBXNativeTarget;
			buildConfigurationList = A9479C701670034F00CE9475 /* Build configuration list for PBXNativeTarget "AccessBrailleTests" */;
			buildPhases = (
				A9479C561670034E00CE9475 /* Sources */,
				A9479C571670034E00CE9475 /* Frameworks */,
				A9479C581670034E00CE9475 /* Resources */,
				A9479C591670034E00CE9475 /* ShellScript */,
			);
			buildRules = (
			);
			dependencies = (
				A9479C611670034E00CE9475 /* PBXTargetDependency */,
			);
			name = AccessBrailleTests;
			productName = AccessBrailleTests;
			productReference = A9479C5B1670034E00CE9475 /* AccessBrailleTests.octest */;
			productType = "com.apple.product-type.bundle";
		};
/* End PBXNativeTarget section */

/* Begin PBXProject section */
		A9479C2D1670034D00CE9475 /* Project object */ = {
			isa = PBXProject;
			attributes = {
				LastUpgradeCheck = 0460;
				ORGANIZATIONNAME = RIT;
			};
			buildConfigurationList = A9479C301670034E00CE9475 /* Build configuration list for PBXProject "AccessBraille" */;
			compatibilityVersion = "Xcode 3.2";
			developmentRegion = English;
			hasScannedForEncodings = 0;
			knownRegions = (
				en,
			);
			mainGroup = A9479C2C1670034D00CE9475;
			productRefGroup = A9479C361670034E00CE9475 /* Products */;
			projectDirPath = "";
			projectRoot = "";
			targets = (
				A9479C341670034E00CE9475 /* AccessBraille */,
				A9479C5A1670034E00CE9475 /* AccessBrailleTests */,
			);
		};
/* End PBXProject section */

/* Begin PBXResourcesBuildPhase section */
		A9479C331670034E00CE9475 /* Resources */ = {
			isa = PBXResourcesBuildPhase;
			buildActionMask = 2147483647;
			files = (
				A9479C4B1670034E00CE9475 /* Default.png in Resources */,
				A9479C4D1670034E00CE9475 /* Default@2x.png in Resources */,
				A9479C4F1670034E00CE9475 /* Default-568h@2x.png in Resources */,
				A9479C521670034E00CE9475 /* MainStoryboard.storyboard in Resources */,
				A95FFC261679394600BF966C /* grade1lookup.plist in Resources */,
				4C52BCA016C9481800F76B45 /* hop.mp3 in Resources */,
				4C52BCA216C9499C00F76B45 /* disable.mp3 in Resources */,
				4CEC5E5816CD7F3B00858B66 /* mainMenu.png in Resources */,
				4CEC5E5E16CD8CA500858B66 /* slideOutMenu.png in Resources */,
				4CEC5E6416CD91E200858B66 /* icon144.png in Resources */,
				4CEC5E6616CD91EC00858B66 /* icon144.png in Resources */,
				4C3C91A216CE8F0A00954A54 /* menuItem.png in Resources */,
				4C3C91AC16CE91CF00954A54 /* Default-Landscape@2x~ipad.png in Resources */,
				4C3C91AE16CE91DC00954A54 /* Default-Landscape~ipad.png in Resources */,
				4C3C91B016CE962500954A54 /* mainMenu@2x.png in Resources */,
				4CA076DB16D58590006DDBD3 /* menuItem0.png in Resources */,
				4CA076DF16D5889C006DDBD3 /* menuItem1.png in Resources */,
				4CA076E416D595F3006DDBD3 /* menuItem2.png in Resources */,
				4CEFD38916EE1D4700961754 /* menuItem0x90.png in Resources */,
				4C11AEA216F0D5A500A9210A /* menu.plist in Resources */,
				4C11AEA416F2144A00A9210A /* menuItem1x90.png in Resources */,
				4C11AEA616F214C900A9210A /* menuItem2x90.png in Resources */,
				4C2B0B1A16F37A2D00CC64F2 /* menuItem3.png in Resources */,
				4C2B0B1C16F37C0100CC64F2 /* menuItem3x90.png in Resources */,
				4C2F59E616F76CA5008F8185 /* backspace.aiff in Resources */,
				4C2F59E716F76CA5008F8185 /* navClick.aiff in Resources */,
				4C2F59E916F76EBC008F8185 /* menuDiscriptions.plist in Resources */,
				4C751F1816FA052F003967D8 /* MenuTitles.plist in Resources */,
				4C508A7B16FB60430029FEB3 /* HightBar.png in Resources */,
				4C569AA917147A9E0073D8F8 /* menuItem4.png in Resources */,
				4C569AAA17147A9E0073D8F8 /* menuItem4x90.png in Resources */,
				4C47819117219FC100C4F7C1 /* cmu07a.dic in Resources */,
				4C47819217219FC100C4F7C1 /* feat.params in Resources */,
				4C47819317219FC100C4F7C1 /* mdef in Resources */,
				4C47819417219FC100C4F7C1 /* means in Resources */,
				4C47819517219FC100C4F7C1 /* noisedict in Resources */,
				4C47819617219FC100C4F7C1 /* sendump in Resources */,
				4C47819717219FC100C4F7C1 /* transition_matrices in Resources */,
				4C47819817219FC100C4F7C1 /* variances in Resources */,
				4C47819A17219FC100C4F7C1 /* OpenEars1.dic in Resources */,
				4C47819B17219FC100C4F7C1 /* OpenEars1.gram in Resources */,
				4C47819C17219FC100C4F7C1 /* OpenEars1.languagemodel in Resources */,
				4C47819D17219FC100C4F7C1 /* OpenEars2.gram in Resources */,
				4C47819E17219FC100C4F7C1 /* OpenEarsCorpus.txt in Resources */,
				4C4781D91725861A00C4F7C1 /* neatspeech_uk1_COPYRIGHT in Resources */,
				4C4781DA1725861A00C4F7C1 /* neatspeech_uk1_dur.pdf in Resources */,
				4C4781DB1725861A00C4F7C1 /* neatspeech_uk1_gv-lf0.pdf in Resources */,
				4C4781DC1725861A00C4F7C1 /* neatspeech_uk1_gv-mgc.pdf in Resources */,
				4C4781DD1725861A00C4F7C1 /* neatspeech_uk1_gv-switch.inf in Resources */,
				4C4781DE1725861A00C4F7C1 /* neatspeech_uk1_lf0.pdf in Resources */,
				4C4781DF1725861A00C4F7C1 /* neatspeech_uk1_lf0.win1 in Resources */,
				4C4781E01725861A00C4F7C1 /* neatspeech_uk1_lf0.win2 in Resources */,
				4C4781E11725861A00C4F7C1 /* neatspeech_uk1_lf0.win3 in Resources */,
				4C4781E21725861A00C4F7C1 /* neatspeech_uk1_mgc.pdf in Resources */,
				4C4781E31725861A00C4F7C1 /* neatspeech_uk1_mgc.win1 in Resources */,
				4C4781E41725861A00C4F7C1 /* neatspeech_uk1_mgc.win2 in Resources */,
				4C4781E51725861A00C4F7C1 /* neatspeech_uk1_mgc.win3 in Resources */,
				4C4781E61725861A00C4F7C1 /* neatspeech_uk1_README in Resources */,
				4C4781E71725861A00C4F7C1 /* neatspeech_uk1_tree-dur.inf in Resources */,
				4C4781E81725861A00C4F7C1 /* neatspeech_uk1_tree-gv-lf0.inf in Resources */,
				4C4781E91725861A00C4F7C1 /* neatspeech_uk1_tree-gv-mgc.inf in Resources */,
				4C4781EA1725861A00C4F7C1 /* neatspeech_uk1_tree-lf0.inf in Resources */,
				4C4781EB1725861A00C4F7C1 /* neatspeech_uk1_tree-mgc.inf in Resources */,
				4C4781EC1725861A00C4F7C1 /* neatspeech_us1_COPYING in Resources */,
				4C4781ED1725861A00C4F7C1 /* neatspeech_us1_dur.pdf in Resources */,
				4C4781EE1725861A00C4F7C1 /* neatspeech_us1_gv-lf0.pdf in Resources */,
				4C4781EF1725861A00C4F7C1 /* neatspeech_us1_gv-mgc.pdf in Resources */,
				4C4781F01725861A00C4F7C1 /* neatspeech_us1_gv-switch.inf in Resources */,
				4C4781F11725861A00C4F7C1 /* neatspeech_us1_INSTALL in Resources */,
				4C4781F21725861A00C4F7C1 /* neatspeech_us1_lf0.pdf in Resources */,
				4C4781F31725861A00C4F7C1 /* neatspeech_us1_lf0.win1 in Resources */,
				4C4781F41725861A00C4F7C1 /* neatspeech_us1_lf0.win2 in Resources */,
				4C4781F51725861A00C4F7C1 /* neatspeech_us1_lf0.win3 in Resources */,
				4C4781F61725861A00C4F7C1 /* neatspeech_us1_lpf.pdf in Resources */,
				4C4781F71725861A00C4F7C1 /* neatspeech_us1_lpf.win1 in Resources */,
				4C4781F81725861A00C4F7C1 /* neatspeech_us1_mgc.pdf in Resources */,
				4C4781F91725861A00C4F7C1 /* neatspeech_us1_mgc.win1 in Resources */,
				4C4781FA1725861A00C4F7C1 /* neatspeech_us1_mgc.win2 in Resources */,
				4C4781FB1725861A00C4F7C1 /* neatspeech_us1_mgc.win3 in Resources */,
				4C4781FC1725861A00C4F7C1 /* neatspeech_us1_README in Resources */,
				4C4781FD1725861A00C4F7C1 /* neatspeech_us1_tree-dur.inf in Resources */,
				4C4781FE1725861A00C4F7C1 /* neatspeech_us1_tree-gv-lf0.inf in Resources */,
				4C4781FF1725861A00C4F7C1 /* neatspeech_us1_tree-gv-mgc.inf in Resources */,
				4C4782001725861A00C4F7C1 /* neatspeech_us1_tree-lf0.inf in Resources */,
				4C4782011725861A00C4F7C1 /* neatspeech_us1_tree-lpf.inf in Resources */,
				4C4782021725861A00C4F7C1 /* neatspeech_us1_tree-mgc.inf in Resources */,
			);
			runOnlyForDeploymentPostprocessing = 0;
		};
		A9479C581670034E00CE9475 /* Resources */ = {
			isa = PBXResourcesBuildPhase;
			buildActionMask = 2147483647;
			files = (
				A9479C671670034F00CE9475 /* InfoPlist.strings in Resources */,
			);
			runOnlyForDeploymentPostprocessing = 0;
		};
/* End PBXResourcesBuildPhase section */

/* Begin PBXShellScriptBuildPhase section */
		A9479C591670034E00CE9475 /* ShellScript */ = {
			isa = PBXShellScriptBuildPhase;
			buildActionMask = 2147483647;
			files = (
			);
			inputPaths = (
			);
			outputPaths = (
			);
			runOnlyForDeploymentPostprocessing = 0;
			shellPath = /bin/sh;
			shellScript = "# Run the unit tests in this test bundle.\n\"${SYSTEM_DEVELOPER_DIR}/Tools/RunUnitTests\"\n";
		};
/* End PBXShellScriptBuildPhase section */

/* Begin PBXSourcesBuildPhase section */
		A9479C311670034E00CE9475 /* Sources */ = {
			isa = PBXSourcesBuildPhase;
			buildActionMask = 2147483647;
			files = (
				A9479C451670034E00CE9475 /* main.m in Sources */,
				A9479C491670034E00CE9475 /* AppDelegate.m in Sources */,
				A9479C551670034E00CE9475 /* BrailleTyperController.m in Sources */,
				A9C960D5167F7B4F00084764 /* Drawing.m in Sources */,
				A94471E6169CAC1000B66193 /* NavigationView.m in Sources */,
				A934326B169F483D00C659C1 /* UIBezelGestureRecognizer.m in Sources */,
				A9ECC82516A7652500998AD4 /* newViewControllerTemplate.m in Sources */,
				A9ECC82B16A7780B00998AD4 /* NavigationContainer.m in Sources */,
				A97FF44C16B1CE1300116AEC /* Enabled.m in Sources */,
				A9FE03A316B6CB780065E9EC /* TextOut.m in Sources */,
				4C89EA9D16C0158600318BE2 /* ApplicationStore.xcdatamodeld in Sources */,
				4C17FA1816C03C9500FFC112 /* BrailleTyper.m in Sources */,
				4C65356316C443A900611B6F /* MainMenu.m in Sources */,
				4C3C91B316CE9D7D00954A54 /* MainMenuNavigation.m in Sources */,
				4CA076E216D58A3A006DDBD3 /* Settings.m in Sources */,
				4CEFD38C16EE1F9100961754 /* NSArray+ObjectSubsets.m in Sources */,
				4C2B0B1916F37A2D00CC64F2 /* InstructionsMenu.m in Sources */,
				4CA74DA016F8C99F007036F3 /* MainMenuItemImage.m in Sources */,
				4CEE19A616FCA05400E36128 /* ABActivateKeyboardGestureRecognizer.m in Sources */,
				4CEE19A716FCA05400E36128 /* ABKeyboard.m in Sources */,
				4CB222AE1706063E00BD3608 /* ABTypes.m in Sources */,
				4C50A418170DCA8F00D03D44 /* ABTouchLayer.m in Sources */,
				4C092A60170F1AFA00650986 /* ABTouchView.m in Sources */,
				4C1B8250171316F60035797D /* ABBrailleReader.m in Sources */,
				4C569AA617147A7B0073D8F8 /* FlashCard.m in Sources */,
				4C8E8F381718529C0014F330 /* ABParser.m in Sources */,
				4C47815F17219E9400C4F7C1 /* ABSpeak.m in Sources */,
			);
			runOnlyForDeploymentPostprocessing = 0;
		};
		A9479C561670034E00CE9475 /* Sources */ = {
			isa = PBXSourcesBuildPhase;
			buildActionMask = 2147483647;
			files = (
				A9479C6A1670034F00CE9475 /* AccessBrailleTests.m in Sources */,
			);
			runOnlyForDeploymentPostprocessing = 0;
		};
/* End PBXSourcesBuildPhase section */

/* Begin PBXTargetDependency section */
		A9479C611670034E00CE9475 /* PBXTargetDependency */ = {
			isa = PBXTargetDependency;
			target = A9479C341670034E00CE9475 /* AccessBraille */;
			targetProxy = A9479C601670034E00CE9475 /* PBXContainerItemProxy */;
		};
/* End PBXTargetDependency section */

/* Begin PBXVariantGroup section */
		A9479C501670034E00CE9475 /* MainStoryboard.storyboard */ = {
			isa = PBXVariantGroup;
			children = (
				A9479C511670034E00CE9475 /* en */,
			);
			name = MainStoryboard.storyboard;
			sourceTree = "<group>";
		};
		A9479C651670034E00CE9475 /* InfoPlist.strings */ = {
			isa = PBXVariantGroup;
			children = (
				A9479C661670034E00CE9475 /* en */,
			);
			name = InfoPlist.strings;
			sourceTree = "<group>";
		};
/* End PBXVariantGroup section */

/* Begin XCBuildConfiguration section */
		A9479C6B1670034F00CE9475 /* Debug */ = {
			isa = XCBuildConfiguration;
			buildSettings = {
				ALWAYS_SEARCH_USER_PATHS = NO;
				CLANG_CXX_LANGUAGE_STANDARD = "gnu++0x";
				CLANG_CXX_LIBRARY = "libc++";
				CLANG_ENABLE_OBJC_ARC = YES;
				CLANG_WARN_CONSTANT_CONVERSION = YES;
				CLANG_WARN_EMPTY_BODY = YES;
				CLANG_WARN_INT_CONVERSION = YES;
				CLANG_WARN__DUPLICATE_METHOD_MATCH = YES;
				CODE_SIGN_IDENTITY = "iPhone Developer";
				"CODE_SIGN_IDENTITY[sdk=iphoneos*]" = "iPhone Developer";
				COPY_PHASE_STRIP = NO;
				GCC_C_LANGUAGE_STANDARD = gnu99;
				GCC_DYNAMIC_NO_PIC = NO;
				GCC_OPTIMIZATION_LEVEL = 0;
				GCC_PREPROCESSOR_DEFINITIONS = (
					"DEBUG=1",
					"$(inherited)",
				);
				GCC_STRICT_ALIASING = YES;
				GCC_SYMBOLS_PRIVATE_EXTERN = NO;
				GCC_WARN_ABOUT_RETURN_TYPE = YES;
				GCC_WARN_UNINITIALIZED_AUTOS = YES;
				GCC_WARN_UNUSED_VARIABLE = YES;
				IPHONEOS_DEPLOYMENT_TARGET = 5.1;
				ONLY_ACTIVE_ARCH = YES;
				PROVISIONING_PROFILE = "";
				"PROVISIONING_PROFILE[sdk=iphoneos*]" = "";
				SDKROOT = iphoneos;
				TARGETED_DEVICE_FAMILY = 2;
			};
			name = Debug;
		};
		A9479C6C1670034F00CE9475 /* Release */ = {
			isa = XCBuildConfiguration;
			buildSettings = {
				ALWAYS_SEARCH_USER_PATHS = NO;
				CLANG_CXX_LANGUAGE_STANDARD = "gnu++0x";
				CLANG_CXX_LIBRARY = "libc++";
				CLANG_ENABLE_OBJC_ARC = YES;
				CLANG_WARN_CONSTANT_CONVERSION = YES;
				CLANG_WARN_EMPTY_BODY = YES;
				CLANG_WARN_INT_CONVERSION = YES;
				CLANG_WARN__DUPLICATE_METHOD_MATCH = YES;
				CODE_SIGN_IDENTITY = "iPhone Developer: Michael Timbrook (2383UG2Y7R)";
				"CODE_SIGN_IDENTITY[sdk=iphoneos*]" = "iPhone Developer";
				COPY_PHASE_STRIP = YES;
				GCC_C_LANGUAGE_STANDARD = gnu99;
				GCC_STRICT_ALIASING = YES;
				GCC_WARN_ABOUT_RETURN_TYPE = YES;
				GCC_WARN_UNINITIALIZED_AUTOS = YES;
				GCC_WARN_UNUSED_VARIABLE = YES;
				IPHONEOS_DEPLOYMENT_TARGET = 5.1;
				OTHER_CFLAGS = "-DNS_BLOCK_ASSERTIONS=1";
				PROVISIONING_PROFILE = "";
				SDKROOT = iphoneos;
				TARGETED_DEVICE_FAMILY = 2;
				VALIDATE_PRODUCT = YES;
			};
			name = Release;
		};
		A9479C6E1670034F00CE9475 /* Debug */ = {
			isa = XCBuildConfiguration;
			buildSettings = {
				FRAMEWORK_SEARCH_PATHS = (
					"$(inherited)",
					"\"$(SRCROOT)/Framework\"",
					"\"$(SRCROOT)\"",
					"\"$(SRCROOT)/OpenEarsFramework\"",
					"\"$(SRCROOT)/Voices/Demo\"",
				);
				GCC_PRECOMPILE_PREFIX_HEADER = YES;
				GCC_PREFIX_HEADER = "AccessBraille/AccessBraille-Prefix.pch";
				INFOPLIST_FILE = "AccessBraille/AccessBraille-Info.plist";
				IPHONEOS_DEPLOYMENT_TARGET = 5.1;
				OTHER_LDFLAGS = "-ObjC";
				PRODUCT_NAME = "$(TARGET_NAME)";
				TEST_AFTER_BUILD = YES;
				WRAPPER_EXTENSION = app;
			};
			name = Debug;
		};
		A9479C6F1670034F00CE9475 /* Release */ = {
			isa = XCBuildConfiguration;
			buildSettings = {
				FRAMEWORK_SEARCH_PATHS = (
					"$(inherited)",
					"\"$(SRCROOT)/Framework\"",
					"\"$(SRCROOT)\"",
					"\"$(SRCROOT)/OpenEarsFramework\"",
					"\"$(SRCROOT)/Voices/Demo\"",
				);
				GCC_PRECOMPILE_PREFIX_HEADER = YES;
				GCC_PREFIX_HEADER = "AccessBraille/AccessBraille-Prefix.pch";
				INFOPLIST_FILE = "AccessBraille/AccessBraille-Info.plist";
				IPHONEOS_DEPLOYMENT_TARGET = 5.1;
				OTHER_LDFLAGS = "-ObjC";
				PRODUCT_NAME = "$(TARGET_NAME)";
				TEST_AFTER_BUILD = YES;
				WRAPPER_EXTENSION = app;
			};
			name = Release;
		};
		A9479C711670034F00CE9475 /* Debug */ = {
			isa = XCBuildConfiguration;
			buildSettings = {
				BUNDLE_LOADER = "$(BUILT_PRODUCTS_DIR)/AccessBraille.app/AccessBraille";
				FRAMEWORK_SEARCH_PATHS = (
					"\"$(SDKROOT)/Developer/Library/Frameworks\"",
					"\"$(DEVELOPER_LIBRARY_DIR)/Frameworks\"",
				);
				GCC_PRECOMPILE_PREFIX_HEADER = YES;
				GCC_PREFIX_HEADER = "AccessBraille/AccessBraille-Prefix.pch";
				INFOPLIST_FILE = "AccessBrailleTests/AccessBrailleTests-Info.plist";
				PRODUCT_NAME = "$(TARGET_NAME)";
				TEST_HOST = "$(BUNDLE_LOADER)";
				WRAPPER_EXTENSION = octest;
			};
			name = Debug;
		};
		A9479C721670034F00CE9475 /* Release */ = {
			isa = XCBuildConfiguration;
			buildSettings = {
				BUNDLE_LOADER = "$(BUILT_PRODUCTS_DIR)/AccessBraille.app/AccessBraille";
				FRAMEWORK_SEARCH_PATHS = (
					"\"$(SDKROOT)/Developer/Library/Frameworks\"",
					"\"$(DEVELOPER_LIBRARY_DIR)/Frameworks\"",
				);
				GCC_PRECOMPILE_PREFIX_HEADER = YES;
				GCC_PREFIX_HEADER = "AccessBraille/AccessBraille-Prefix.pch";
				INFOPLIST_FILE = "AccessBrailleTests/AccessBrailleTests-Info.plist";
				PRODUCT_NAME = "$(TARGET_NAME)";
				TEST_HOST = "$(BUNDLE_LOADER)";
				WRAPPER_EXTENSION = octest;
			};
			name = Release;
		};
/* End XCBuildConfiguration section */

/* Begin XCConfigurationList section */
		A9479C301670034E00CE9475 /* Build configuration list for PBXProject "AccessBraille" */ = {
			isa = XCConfigurationList;
			buildConfigurations = (
				A9479C6B1670034F00CE9475 /* Debug */,
				A9479C6C1670034F00CE9475 /* Release */,
			);
			defaultConfigurationIsVisible = 0;
			defaultConfigurationName = Release;
		};
		A9479C6D1670034F00CE9475 /* Build configuration list for PBXNativeTarget "AccessBraille" */ = {
			isa = XCConfigurationList;
			buildConfigurations = (
				A9479C6E1670034F00CE9475 /* Debug */,
				A9479C6F1670034F00CE9475 /* Release */,
			);
			defaultConfigurationIsVisible = 0;
			defaultConfigurationName = Release;
		};
		A9479C701670034F00CE9475 /* Build configuration list for PBXNativeTarget "AccessBrailleTests" */ = {
			isa = XCConfigurationList;
			buildConfigurations = (
				A9479C711670034F00CE9475 /* Debug */,
				A9479C721670034F00CE9475 /* Release */,
			);
			defaultConfigurationIsVisible = 0;
			defaultConfigurationName = Release;
		};
/* End XCConfigurationList section */

/* Begin XCVersionGroup section */
		4C89EA9B16C0158600318BE2 /* ApplicationStore.xcdatamodeld */ = {
			isa = XCVersionGroup;
			children = (
				4C89EA9C16C0158600318BE2 /* ApplicationStore.xcdatamodel */,
			);
			currentVersion = 4C89EA9C16C0158600318BE2 /* ApplicationStore.xcdatamodel */;
			path = ApplicationStore.xcdatamodeld;
			sourceTree = "<group>";
			versionGroupType = wrapper.xcdatamodel;
		};
/* End XCVersionGroup section */
	};
	rootObject = A9479C2D1670034D00CE9475 /* Project object */;
}
